// !$*UTF8*$!
{
	archiveVersion = 1;
	classes = {
	};
	objectVersion = 51;
	objects = {

/* Begin PBXBuildFile section */
		1808B606231F91FB00243B9C /* client_477867186230-tumr6302i75gnmm6576e3rl7a5rcjuv1.apps.googleusercontent.com.plist in Resources */ = {isa = PBXBuildFile; fileRef = 1808B605231F91FA00243B9C /* client_477867186230-tumr6302i75gnmm6576e3rl7a5rcjuv1.apps.googleusercontent.com.plist */; };
		1809DA5E232F6DBF002D260D /* ProfileModel.swift in Sources */ = {isa = PBXBuildFile; fileRef = 1809DA5D232F6DBF002D260D /* ProfileModel.swift */; };
		18204EF62358DAE4007A8A91 /* accountViewController.swift in Sources */ = {isa = PBXBuildFile; fileRef = 18204EF52358DAE4007A8A91 /* accountViewController.swift */; };
		182A416D233B7F7B008286BE /* ForgotPasswordViewController.swift in Sources */ = {isa = PBXBuildFile; fileRef = 182A416C233B7F7B008286BE /* ForgotPasswordViewController.swift */; };
		182A416F233B7F9F008286BE /* CodeVerificationViewController.swift in Sources */ = {isa = PBXBuildFile; fileRef = 182A416E233B7F9F008286BE /* CodeVerificationViewController.swift */; };
		182A4171233B7FB9008286BE /* ResetYourPasswordViewController.swift in Sources */ = {isa = PBXBuildFile; fileRef = 182A4170233B7FB9008286BE /* ResetYourPasswordViewController.swift */; };
		182B297F230FB399003E10CD /* AppDelegate.swift in Sources */ = {isa = PBXBuildFile; fileRef = 182B297E230FB399003E10CD /* AppDelegate.swift */; };
		182B2981230FB399003E10CD /* ViewController.swift in Sources */ = {isa = PBXBuildFile; fileRef = 182B2980230FB399003E10CD /* ViewController.swift */; };
		182B2984230FB399003E10CD /* Main.storyboard in Resources */ = {isa = PBXBuildFile; fileRef = 182B2982230FB399003E10CD /* Main.storyboard */; };
		182B2986230FB39A003E10CD /* Assets.xcassets in Resources */ = {isa = PBXBuildFile; fileRef = 182B2985230FB39A003E10CD /* Assets.xcassets */; };
		182B2989230FB39A003E10CD /* LaunchScreen.storyboard in Resources */ = {isa = PBXBuildFile; fileRef = 182B2987230FB39A003E10CD /* LaunchScreen.storyboard */; };
		182B2994230FB39A003E10CD /* SnapToSellTests.swift in Sources */ = {isa = PBXBuildFile; fileRef = 182B2993230FB39A003E10CD /* SnapToSellTests.swift */; };
		182B299F230FB39A003E10CD /* SnapToSellUITests.swift in Sources */ = {isa = PBXBuildFile; fileRef = 182B299E230FB39A003E10CD /* SnapToSellUITests.swift */; };
		182B29AD230FB438003E10CD /* Manager.swift in Sources */ = {isa = PBXBuildFile; fileRef = 182B29AC230FB438003E10CD /* Manager.swift */; };
		182B29B0230FB4A4003E10CD /* SnapToSellNetworkMAnager.swift in Sources */ = {isa = PBXBuildFile; fileRef = 182B29AF230FB4A4003E10CD /* SnapToSellNetworkMAnager.swift */; };
		182B29B3230FB626003E10CD /* LoginModel.swift in Sources */ = {isa = PBXBuildFile; fileRef = 182B29B2230FB626003E10CD /* LoginModel.swift */; };
		182B29B6230FB722003E10CD /* Constants.swift in Sources */ = {isa = PBXBuildFile; fileRef = 182B29B5230FB722003E10CD /* Constants.swift */; };
		182B29B8230FBBFA003E10CD /* Utilities.swift in Sources */ = {isa = PBXBuildFile; fileRef = 182B29B7230FBBFA003E10CD /* Utilities.swift */; };
		182B29BB230FC9B3003E10CD /* RegisterViewController.swift in Sources */ = {isa = PBXBuildFile; fileRef = 182B29BA230FC9B3003E10CD /* RegisterViewController.swift */; };
		182B29BD230FEBC8003E10CD /* AddNewAddressViewController.swift in Sources */ = {isa = PBXBuildFile; fileRef = 182B29BC230FEBC8003E10CD /* AddNewAddressViewController.swift */; };
		182B29C0231001EC003E10CD /* AddressTableViewCell.swift in Sources */ = {isa = PBXBuildFile; fileRef = 182B29BF231001EC003E10CD /* AddressTableViewCell.swift */; };
		182B29C22310021A003E10CD /* AllAddresViewController.swift in Sources */ = {isa = PBXBuildFile; fileRef = 182B29C12310021A003E10CD /* AllAddresViewController.swift */; };
		182B29C4231003AA003E10CD /* AddressesModel.swift in Sources */ = {isa = PBXBuildFile; fileRef = 182B29C3231003AA003E10CD /* AddressesModel.swift */; };
		182DD03C235F5DDF009C79BA /* ShowImageView.swift in Sources */ = {isa = PBXBuildFile; fileRef = 182DD03A235F5DDF009C79BA /* ShowImageView.swift */; };
		182DD03D235F5DDF009C79BA /* ShowImageView.xib in Resources */ = {isa = PBXBuildFile; fileRef = 182DD03B235F5DDF009C79BA /* ShowImageView.xib */; };
		18421E93238CF02000A8EAA1 /* NotificationModel.swift in Sources */ = {isa = PBXBuildFile; fileRef = 18421E92238CF02000A8EAA1 /* NotificationModel.swift */; };
		1847D6682328BF7400B04692 /* SelectYourProductViewController.swift in Sources */ = {isa = PBXBuildFile; fileRef = 1847D6672328BF7400B04692 /* SelectYourProductViewController.swift */; };
		185AD5042354509C0011FA0A /* Buy&Sell.swift in Sources */ = {isa = PBXBuildFile; fileRef = 185AD5032354509C0011FA0A /* Buy&Sell.swift */; };
		185AD506235466CE0011FA0A /* SelectSeriesViewController.swift in Sources */ = {isa = PBXBuildFile; fileRef = 185AD505235466CE0011FA0A /* SelectSeriesViewController.swift */; };
		185AD508235467010011FA0A /* SelectModelViewController.swift in Sources */ = {isa = PBXBuildFile; fileRef = 185AD507235467010011FA0A /* SelectModelViewController.swift */; };
		185F458E2362CA3000A7B25F /* newTabBarViewController.swift in Sources */ = {isa = PBXBuildFile; fileRef = 185F458D2362CA3000A7B25F /* newTabBarViewController.swift */; };
		185F45902362E48300A7B25F /* Message_NotificationTableViewCell.swift in Sources */ = {isa = PBXBuildFile; fileRef = 185F458F2362E48300A7B25F /* Message_NotificationTableViewCell.swift */; };
		185F45932362E68500A7B25F /* MessageViewController.swift in Sources */ = {isa = PBXBuildFile; fileRef = 185F45922362E68500A7B25F /* MessageViewController.swift */; };
		185F45952362E75600A7B25F /* NotificationViewController.swift in Sources */ = {isa = PBXBuildFile; fileRef = 185F45942362E75600A7B25F /* NotificationViewController.swift */; };
		185F45982363042C00A7B25F /* MessageModel.swift in Sources */ = {isa = PBXBuildFile; fileRef = 185F45972363042C00A7B25F /* MessageModel.swift */; };
		185F459A236332C300A7B25F /* ChatViewController.swift in Sources */ = {isa = PBXBuildFile; fileRef = 185F4599236332C300A7B25F /* ChatViewController.swift */; };
		186ED48D236AD28100916E5C /* AddDropOffView.swift in Sources */ = {isa = PBXBuildFile; fileRef = 186ED48B236AD28100916E5C /* AddDropOffView.swift */; };
		186ED48E236AD28100916E5C /* AddDropOffView.xib in Resources */ = {isa = PBXBuildFile; fileRef = 186ED48C236AD28100916E5C /* AddDropOffView.xib */; };
		18721C362316636A00C3AAAC /* SWRevealViewController.m in Sources */ = {isa = PBXBuildFile; fileRef = 18721C342316636900C3AAAC /* SWRevealViewController.m */; };
		18721C382316663700C3AAAC /* SideMenuViewController.swift in Sources */ = {isa = PBXBuildFile; fileRef = 18721C372316663700C3AAAC /* SideMenuViewController.swift */; };
		18721C3A2316668D00C3AAAC /* SideMenuTableViewCell.swift in Sources */ = {isa = PBXBuildFile; fileRef = 18721C392316668D00C3AAAC /* SideMenuTableViewCell.swift */; };
		18721C3D2316898800C3AAAC /* TabBarViewController.swift in Sources */ = {isa = PBXBuildFile; fileRef = 18721C3C2316898800C3AAAC /* TabBarViewController.swift */; };
		18721C4023168EB900C3AAAC /* Images.swift in Sources */ = {isa = PBXBuildFile; fileRef = 18721C3E23168EB900C3AAAC /* Images.swift */; };
		18721C4123168EB900C3AAAC /* RequestStatusModel.swift in Sources */ = {isa = PBXBuildFile; fileRef = 18721C3F23168EB900C3AAAC /* RequestStatusModel.swift */; };
		18721C472316920800C3AAAC /* ProductsListViewController.swift in Sources */ = {isa = PBXBuildFile; fileRef = 18721C462316920800C3AAAC /* ProductsListViewController.swift */; };
		187E6F7C2344AD5600DF78BE /* Walkthrough.storyboard in Resources */ = {isa = PBXBuildFile; fileRef = 187E6F7B2344AD5600DF78BE /* Walkthrough.storyboard */; };
		187E6F802344ADEE00DF78BE /* BWWalkthroughPageViewController.swift in Sources */ = {isa = PBXBuildFile; fileRef = 187E6F7E2344ADED00DF78BE /* BWWalkthroughPageViewController.swift */; };
		187E6F812344ADEE00DF78BE /* BWWalkthroughViewController.swift in Sources */ = {isa = PBXBuildFile; fileRef = 187E6F7F2344ADEE00DF78BE /* BWWalkthroughViewController.swift */; };
		187E6F832344ADF800DF78BE /* CustomPageViewController.swift in Sources */ = {isa = PBXBuildFile; fileRef = 187E6F822344ADF800DF78BE /* CustomPageViewController.swift */; };
		188A49E4234C9982003F995C /* Snap&sellSelectBrandViewController.swift in Sources */ = {isa = PBXBuildFile; fileRef = 188A49E3234C9982003F995C /* Snap&sellSelectBrandViewController.swift */; };
		188A49E7234C9EDD003F995C /* snap&sellSelectModelViewController.swift in Sources */ = {isa = PBXBuildFile; fileRef = 188A49E6234C9EDD003F995C /* snap&sellSelectModelViewController.swift */; };
		188A49E9234CA1AE003F995C /* CarierServisesViewController.swift in Sources */ = {isa = PBXBuildFile; fileRef = 188A49E8234CA1AE003F995C /* CarierServisesViewController.swift */; };
		188A49EB234CA793003F995C /* SelectPhoneModelViewController.swift in Sources */ = {isa = PBXBuildFile; fileRef = 188A49EA234CA793003F995C /* SelectPhoneModelViewController.swift */; };
		188A49ED234CA847003F995C /* SelectModelTableViewCell.swift in Sources */ = {isa = PBXBuildFile; fileRef = 188A49EC234CA847003F995C /* SelectModelTableViewCell.swift */; };
		188B009823486E7E007B832F /* UploadViewController.swift in Sources */ = {isa = PBXBuildFile; fileRef = 188B009723486E7E007B832F /* UploadViewController.swift */; };
		188B00A0234888D9007B832F /* AddotherView.swift in Sources */ = {isa = PBXBuildFile; fileRef = 188B009E234888D9007B832F /* AddotherView.swift */; };
		188B00A1234888D9007B832F /* AddotherView.xib in Resources */ = {isa = PBXBuildFile; fileRef = 188B009F234888D9007B832F /* AddotherView.xib */; };
		18A7B2FC2345C1F400282904 /* HomeViewController.swift in Sources */ = {isa = PBXBuildFile; fileRef = 18A7B2FB2345C1F400282904 /* HomeViewController.swift */; };
		18A7B2FE2345D37000282904 /* mainViewController.swift in Sources */ = {isa = PBXBuildFile; fileRef = 18A7B2FD2345D37000282904 /* mainViewController.swift */; };
		18A7B30023460F7000282904 /* RepairingBrandCollectionViewCell.swift in Sources */ = {isa = PBXBuildFile; fileRef = 18A7B2FF23460F7000282904 /* RepairingBrandCollectionViewCell.swift */; };
		18C5A5BF2356E7120011FDAA /* SelectdeliveryMethodViewController.swift in Sources */ = {isa = PBXBuildFile; fileRef = 18C5A5BE2356E7120011FDAA /* SelectdeliveryMethodViewController.swift */; };
		18CCCF5D234DED700049742D /* GiveOfferScreenViewController.swift in Sources */ = {isa = PBXBuildFile; fileRef = 18CCCF5C234DED700049742D /* GiveOfferScreenViewController.swift */; };
		18CCCF5F234DEE030049742D /* OffertableViewCell.swift in Sources */ = {isa = PBXBuildFile; fileRef = 18CCCF5E234DEE030049742D /* OffertableViewCell.swift */; };
		18D5F85B235599F000A167B8 /* SelectPaymentMethodViewController.swift in Sources */ = {isa = PBXBuildFile; fileRef = 18D5F85A235599F000A167B8 /* SelectPaymentMethodViewController.swift */; };
		18E0F00A236C5A0D00871199 /* ProfileViewController.swift in Sources */ = {isa = PBXBuildFile; fileRef = 18E0F009236C5A0D00871199 /* ProfileViewController.swift */; };
		18E849572317B39C00A52C62 /* PendingProductDetailViewController.swift in Sources */ = {isa = PBXBuildFile; fileRef = 18E849562317B39C00A52C62 /* PendingProductDetailViewController.swift */; };
		18E849592317C89A00A52C62 /* ApprovedProductDetailViewController.swift in Sources */ = {isa = PBXBuildFile; fileRef = 18E849582317C89A00A52C62 /* ApprovedProductDetailViewController.swift */; };
		18E8495B2317D48D00A52C62 /* ProcessedProductsViewController.swift in Sources */ = {isa = PBXBuildFile; fileRef = 18E8495A2317D48D00A52C62 /* ProcessedProductsViewController.swift */; };
		18E8495D2317D50800A52C62 /* OffersModel.swift in Sources */ = {isa = PBXBuildFile; fileRef = 18E8495C2317D50800A52C62 /* OffersModel.swift */; };
		18E8495F2317E13F00A52C62 /* processedSetupIndicatorViewController.swift in Sources */ = {isa = PBXBuildFile; fileRef = 18E8495E2317E13F00A52C62 /* processedSetupIndicatorViewController.swift */; };
		18E849612317E64800A52C62 /* DefaultAddressViewController.swift in Sources */ = {isa = PBXBuildFile; fileRef = 18E849602317E64800A52C62 /* DefaultAddressViewController.swift */; };
		18E849662317E91300A52C62 /* processedDescriptionViewController.swift in Sources */ = {isa = PBXBuildFile; fileRef = 18E849652317E91300A52C62 /* processedDescriptionViewController.swift */; };
		18E8D43D232A0F3200CD8110 /* RepairBrandViewController.swift in Sources */ = {isa = PBXBuildFile; fileRef = 18E8D43C232A0F3200CD8110 /* RepairBrandViewController.swift */; };
		18E8D440232A115A00CD8110 /* RepairDetail.swift in Sources */ = {isa = PBXBuildFile; fileRef = 18E8D43F232A115A00CD8110 /* RepairDetail.swift */; };
		18E8D443232A24BF00CD8110 /* SeriesViewController.swift in Sources */ = {isa = PBXBuildFile; fileRef = 18E8D442232A24BF00CD8110 /* SeriesViewController.swift */; };
		18E8D445232A250B00CD8110 /* ModelViewController.swift in Sources */ = {isa = PBXBuildFile; fileRef = 18E8D444232A250B00CD8110 /* ModelViewController.swift */; };
		18E8D447232A253C00CD8110 /* ProblemViewController.swift in Sources */ = {isa = PBXBuildFile; fileRef = 18E8D446232A253C00CD8110 /* ProblemViewController.swift */; };
		18E8D449232A32D600CD8110 /* ContactDetailsViewController.swift in Sources */ = {isa = PBXBuildFile; fileRef = 18E8D448232A32D600CD8110 /* ContactDetailsViewController.swift */; };
		18EC2E7723110AD800870A48 /* ProductDetailViewController.swift in Sources */ = {isa = PBXBuildFile; fileRef = 18EC2E7623110AD800870A48 /* ProductDetailViewController.swift */; };
		18EC2E7A23110B8B00870A48 /* ProductImageCollectionViewCell.swift in Sources */ = {isa = PBXBuildFile; fileRef = 18EC2E7923110B8B00870A48 /* ProductImageCollectionViewCell.swift */; };
		18EC2E7C23111E4F00870A48 /* CameraViewController.swift in Sources */ = {isa = PBXBuildFile; fileRef = 18EC2E7B23111E4F00870A48 /* CameraViewController.swift */; };
		18EC2E7E231145A800870A48 /* PreviewViewController.swift in Sources */ = {isa = PBXBuildFile; fileRef = 18EC2E7D231145A800870A48 /* PreviewViewController.swift */; };
		18EC2E802311509600870A48 /* GoogleService-Info.plist in Resources */ = {isa = PBXBuildFile; fileRef = 18EC2E7F2311509500870A48 /* GoogleService-Info.plist */; };
		18F0725F2318FD0D00E8F8CB /* DropOffSetupViewController.swift in Sources */ = {isa = PBXBuildFile; fileRef = 18F0725E2318FD0D00E8F8CB /* DropOffSetupViewController.swift */; };
		18F072612318FD9900E8F8CB /* DropOffDescriptionViewController.swift in Sources */ = {isa = PBXBuildFile; fileRef = 18F072602318FD9900E8F8CB /* DropOffDescriptionViewController.swift */; };
		18F072632319045200E8F8CB /* MapViewController.swift in Sources */ = {isa = PBXBuildFile; fileRef = 18F072622319045200E8F8CB /* MapViewController.swift */; };
		18F072662319092800E8F8CB /* ShipmentSetupViewController.swift in Sources */ = {isa = PBXBuildFile; fileRef = 18F072652319092800E8F8CB /* ShipmentSetupViewController.swift */; };
		18F0726823190E2300E8F8CB /* PackageDetailsViewController.swift in Sources */ = {isa = PBXBuildFile; fileRef = 18F0726723190E2300E8F8CB /* PackageDetailsViewController.swift */; };
		18F0726A2319331C00E8F8CB /* ShipmentRatesViewController.swift in Sources */ = {isa = PBXBuildFile; fileRef = 18F072692319331B00E8F8CB /* ShipmentRatesViewController.swift */; };
		18F0726C2319381B00E8F8CB /* ShipmentRatesModel.swift in Sources */ = {isa = PBXBuildFile; fileRef = 18F0726B2319381B00E8F8CB /* ShipmentRatesModel.swift */; };
		18F0726E2319434800E8F8CB /* ShipmentRatesTableViewCell.swift in Sources */ = {isa = PBXBuildFile; fileRef = 18F0726D2319434800E8F8CB /* ShipmentRatesTableViewCell.swift */; };
		18F8D75C235D8A1C00E4E1C4 /* SelectShipmentViewController.swift in Sources */ = {isa = PBXBuildFile; fileRef = 18F8D75A235D8A1C00E4E1C4 /* SelectShipmentViewController.swift */; };
		18F8D75D235D8A1C00E4E1C4 /* SelectShipmentViewController.xib in Resources */ = {isa = PBXBuildFile; fileRef = 18F8D75B235D8A1C00E4E1C4 /* SelectShipmentViewController.xib */; };
		18F8D761235DA35F00E4E1C4 /* shipmentTableViewCell.swift in Sources */ = {isa = PBXBuildFile; fileRef = 18F8D75F235DA35F00E4E1C4 /* shipmentTableViewCell.swift */; };
		18F8D762235DA35F00E4E1C4 /* shipmentTableViewCell.xib in Resources */ = {isa = PBXBuildFile; fileRef = 18F8D760235DA35F00E4E1C4 /* shipmentTableViewCell.xib */; };
		18FF112D2374177F003206F2 /* ChangePasswordView.swift in Sources */ = {isa = PBXBuildFile; fileRef = 18FF112B2374177F003206F2 /* ChangePasswordView.swift */; };
		18FF112E2374177F003206F2 /* ChangePasswordView.xib in Resources */ = {isa = PBXBuildFile; fileRef = 18FF112C2374177F003206F2 /* ChangePasswordView.xib */; };
		18FF99B2238FB93F00C14AC4 /* HotItemModel.swift in Sources */ = {isa = PBXBuildFile; fileRef = 18FF99B1238FB93F00C14AC4 /* HotItemModel.swift */; };
		91D26C2959DD7859038D66C0 /* Pods_LaptopZone.framework in Frameworks */ = {isa = PBXBuildFile; fileRef = 26031A5E9F6A79470D2E3695 /* Pods_LaptopZone.framework */; };
		B2965BFC6F43C2E7C96D49DA /* Pods_LaptopZoneTests.framework in Frameworks */ = {isa = PBXBuildFile; fileRef = 6DC7DC702F0ADAB25C9924B6 /* Pods_LaptopZoneTests.framework */; };
		CEA6B8ADB61D32D4A280C1B4 /* Pods_LaptopZoneUITests.framework in Frameworks */ = {isa = PBXBuildFile; fileRef = 04B40506B308C83083B1506E /* Pods_LaptopZoneUITests.framework */; };
/* End PBXBuildFile section */

/* Begin PBXContainerItemProxy section */
		182B2990230FB39A003E10CD /* PBXContainerItemProxy */ = {
			isa = PBXContainerItemProxy;
			containerPortal = 182B2973230FB399003E10CD /* Project object */;
			proxyType = 1;
			remoteGlobalIDString = 182B297A230FB399003E10CD;
			remoteInfo = SnapToSell;
		};
		182B299B230FB39A003E10CD /* PBXContainerItemProxy */ = {
			isa = PBXContainerItemProxy;
			containerPortal = 182B2973230FB399003E10CD /* Project object */;
			proxyType = 1;
			remoteGlobalIDString = 182B297A230FB399003E10CD;
			remoteInfo = SnapToSell;
		};
/* End PBXContainerItemProxy section */

/* Begin PBXFileReference section */
		04B40506B308C83083B1506E /* Pods_LaptopZoneUITests.framework */ = {isa = PBXFileReference; explicitFileType = wrapper.framework; includeInIndex = 0; path = Pods_LaptopZoneUITests.framework; sourceTree = BUILT_PRODUCTS_DIR; };
		1808B605231F91FA00243B9C /* client_477867186230-tumr6302i75gnmm6576e3rl7a5rcjuv1.apps.googleusercontent.com.plist */ = {isa = PBXFileReference; fileEncoding = 4; lastKnownFileType = text.plist.xml; path = "client_477867186230-tumr6302i75gnmm6576e3rl7a5rcjuv1.apps.googleusercontent.com.plist"; sourceTree = "<group>"; };
		1809DA5D232F6DBF002D260D /* ProfileModel.swift */ = {isa = PBXFileReference; lastKnownFileType = sourcecode.swift; path = ProfileModel.swift; sourceTree = "<group>"; };
		1810377A2338DAEB00BD8DDD /* Eina-Regular.otf */ = {isa = PBXFileReference; lastKnownFileType = file; path = "Eina-Regular.otf"; sourceTree = "<group>"; };
		1810377B2338DAEB00BD8DDD /* Eina-SemiBold.otf */ = {isa = PBXFileReference; lastKnownFileType = file; path = "Eina-SemiBold.otf"; sourceTree = "<group>"; };
		1810377C2338DAEB00BD8DDD /* Eina-Bold.otf */ = {isa = PBXFileReference; lastKnownFileType = file; path = "Eina-Bold.otf"; sourceTree = "<group>"; };
		18204EF52358DAE4007A8A91 /* accountViewController.swift */ = {isa = PBXFileReference; lastKnownFileType = sourcecode.swift; path = accountViewController.swift; sourceTree = "<group>"; };
		182A416C233B7F7B008286BE /* ForgotPasswordViewController.swift */ = {isa = PBXFileReference; lastKnownFileType = sourcecode.swift; path = ForgotPasswordViewController.swift; sourceTree = "<group>"; };
		182A416E233B7F9F008286BE /* CodeVerificationViewController.swift */ = {isa = PBXFileReference; lastKnownFileType = sourcecode.swift; path = CodeVerificationViewController.swift; sourceTree = "<group>"; };
		182A4170233B7FB9008286BE /* ResetYourPasswordViewController.swift */ = {isa = PBXFileReference; lastKnownFileType = sourcecode.swift; path = ResetYourPasswordViewController.swift; sourceTree = "<group>"; };
		182B297B230FB399003E10CD /* LaptopZone.app */ = {isa = PBXFileReference; explicitFileType = wrapper.application; includeInIndex = 0; path = LaptopZone.app; sourceTree = BUILT_PRODUCTS_DIR; };
		182B297E230FB399003E10CD /* AppDelegate.swift */ = {isa = PBXFileReference; lastKnownFileType = sourcecode.swift; path = AppDelegate.swift; sourceTree = "<group>"; wrapsLines = 1; };
		182B2980230FB399003E10CD /* ViewController.swift */ = {isa = PBXFileReference; lastKnownFileType = sourcecode.swift; path = ViewController.swift; sourceTree = "<group>"; };
		182B2983230FB399003E10CD /* Base */ = {isa = PBXFileReference; lastKnownFileType = file.storyboard; name = Base; path = Base.lproj/Main.storyboard; sourceTree = "<group>"; };
		182B2985230FB39A003E10CD /* Assets.xcassets */ = {isa = PBXFileReference; lastKnownFileType = folder.assetcatalog; path = Assets.xcassets; sourceTree = "<group>"; };
		182B2988230FB39A003E10CD /* Base */ = {isa = PBXFileReference; lastKnownFileType = file.storyboard; name = Base; path = Base.lproj/LaunchScreen.storyboard; sourceTree = "<group>"; };
		182B298A230FB39A003E10CD /* Info.plist */ = {isa = PBXFileReference; lastKnownFileType = text.plist.xml; path = Info.plist; sourceTree = "<group>"; };
		182B298F230FB39A003E10CD /* LaptopZoneTests.xctest */ = {isa = PBXFileReference; explicitFileType = wrapper.cfbundle; includeInIndex = 0; path = LaptopZoneTests.xctest; sourceTree = BUILT_PRODUCTS_DIR; };
		182B2993230FB39A003E10CD /* SnapToSellTests.swift */ = {isa = PBXFileReference; lastKnownFileType = sourcecode.swift; path = SnapToSellTests.swift; sourceTree = "<group>"; };
		182B2995230FB39A003E10CD /* Info.plist */ = {isa = PBXFileReference; lastKnownFileType = text.plist.xml; path = Info.plist; sourceTree = "<group>"; };
		182B299A230FB39A003E10CD /* LaptopZoneUITests.xctest */ = {isa = PBXFileReference; explicitFileType = wrapper.cfbundle; includeInIndex = 0; path = LaptopZoneUITests.xctest; sourceTree = BUILT_PRODUCTS_DIR; };
		182B299E230FB39A003E10CD /* SnapToSellUITests.swift */ = {isa = PBXFileReference; lastKnownFileType = sourcecode.swift; path = SnapToSellUITests.swift; sourceTree = "<group>"; };
		182B29A0230FB39A003E10CD /* Info.plist */ = {isa = PBXFileReference; lastKnownFileType = text.plist.xml; path = Info.plist; sourceTree = "<group>"; };
		182B29AC230FB438003E10CD /* Manager.swift */ = {isa = PBXFileReference; lastKnownFileType = sourcecode.swift; path = Manager.swift; sourceTree = "<group>"; };
		182B29AF230FB4A4003E10CD /* SnapToSellNetworkMAnager.swift */ = {isa = PBXFileReference; lastKnownFileType = sourcecode.swift; path = SnapToSellNetworkMAnager.swift; sourceTree = "<group>"; };
		182B29B2230FB626003E10CD /* LoginModel.swift */ = {isa = PBXFileReference; fileEncoding = 4; lastKnownFileType = sourcecode.swift; path = LoginModel.swift; sourceTree = "<group>"; };
		182B29B5230FB722003E10CD /* Constants.swift */ = {isa = PBXFileReference; lastKnownFileType = sourcecode.swift; path = Constants.swift; sourceTree = "<group>"; };
		182B29B7230FBBFA003E10CD /* Utilities.swift */ = {isa = PBXFileReference; lastKnownFileType = sourcecode.swift; path = Utilities.swift; sourceTree = "<group>"; };
		182B29BA230FC9B3003E10CD /* RegisterViewController.swift */ = {isa = PBXFileReference; lastKnownFileType = sourcecode.swift; path = RegisterViewController.swift; sourceTree = "<group>"; };
		182B29BC230FEBC8003E10CD /* AddNewAddressViewController.swift */ = {isa = PBXFileReference; lastKnownFileType = sourcecode.swift; path = AddNewAddressViewController.swift; sourceTree = "<group>"; };
		182B29BF231001EC003E10CD /* AddressTableViewCell.swift */ = {isa = PBXFileReference; lastKnownFileType = sourcecode.swift; path = AddressTableViewCell.swift; sourceTree = "<group>"; };
		182B29C12310021A003E10CD /* AllAddresViewController.swift */ = {isa = PBXFileReference; lastKnownFileType = sourcecode.swift; path = AllAddresViewController.swift; sourceTree = "<group>"; };
		182B29C3231003AA003E10CD /* AddressesModel.swift */ = {isa = PBXFileReference; fileEncoding = 4; lastKnownFileType = sourcecode.swift; path = AddressesModel.swift; sourceTree = "<group>"; };
		182DD03A235F5DDF009C79BA /* ShowImageView.swift */ = {isa = PBXFileReference; lastKnownFileType = sourcecode.swift; path = ShowImageView.swift; sourceTree = "<group>"; };
		182DD03B235F5DDF009C79BA /* ShowImageView.xib */ = {isa = PBXFileReference; lastKnownFileType = file.xib; path = ShowImageView.xib; sourceTree = "<group>"; };
		18421E92238CF02000A8EAA1 /* NotificationModel.swift */ = {isa = PBXFileReference; lastKnownFileType = sourcecode.swift; path = NotificationModel.swift; sourceTree = "<group>"; };
		1847D6672328BF7400B04692 /* SelectYourProductViewController.swift */ = {isa = PBXFileReference; lastKnownFileType = sourcecode.swift; path = SelectYourProductViewController.swift; sourceTree = "<group>"; };
		185AD5032354509C0011FA0A /* Buy&Sell.swift */ = {isa = PBXFileReference; lastKnownFileType = sourcecode.swift; path = "Buy&Sell.swift"; sourceTree = "<group>"; };
		185AD505235466CE0011FA0A /* SelectSeriesViewController.swift */ = {isa = PBXFileReference; lastKnownFileType = sourcecode.swift; path = SelectSeriesViewController.swift; sourceTree = "<group>"; };
		185AD507235467010011FA0A /* SelectModelViewController.swift */ = {isa = PBXFileReference; lastKnownFileType = sourcecode.swift; path = SelectModelViewController.swift; sourceTree = "<group>"; };
		185F458D2362CA3000A7B25F /* newTabBarViewController.swift */ = {isa = PBXFileReference; lastKnownFileType = sourcecode.swift; path = newTabBarViewController.swift; sourceTree = "<group>"; };
		185F458F2362E48300A7B25F /* Message_NotificationTableViewCell.swift */ = {isa = PBXFileReference; lastKnownFileType = sourcecode.swift; path = Message_NotificationTableViewCell.swift; sourceTree = "<group>"; };
		185F45922362E68500A7B25F /* MessageViewController.swift */ = {isa = PBXFileReference; lastKnownFileType = sourcecode.swift; path = MessageViewController.swift; sourceTree = "<group>"; };
		185F45942362E75600A7B25F /* NotificationViewController.swift */ = {isa = PBXFileReference; lastKnownFileType = sourcecode.swift; path = NotificationViewController.swift; sourceTree = "<group>"; };
		185F45972363042C00A7B25F /* MessageModel.swift */ = {isa = PBXFileReference; lastKnownFileType = sourcecode.swift; path = MessageModel.swift; sourceTree = "<group>"; };
		185F4599236332C300A7B25F /* ChatViewController.swift */ = {isa = PBXFileReference; lastKnownFileType = sourcecode.swift; path = ChatViewController.swift; sourceTree = "<group>"; };
		18628C0323360BD400B7A110 /* SnapToSell.entitlements */ = {isa = PBXFileReference; lastKnownFileType = text.plist.entitlements; path = SnapToSell.entitlements; sourceTree = "<group>"; };
		186ED48B236AD28100916E5C /* AddDropOffView.swift */ = {isa = PBXFileReference; lastKnownFileType = sourcecode.swift; path = AddDropOffView.swift; sourceTree = "<group>"; };
		186ED48C236AD28100916E5C /* AddDropOffView.xib */ = {isa = PBXFileReference; lastKnownFileType = file.xib; path = AddDropOffView.xib; sourceTree = "<group>"; };
		18721C332316636900C3AAAC /* SnapToSell-Bridging-Header.h */ = {isa = PBXFileReference; lastKnownFileType = sourcecode.c.h; path = "SnapToSell-Bridging-Header.h"; sourceTree = "<group>"; };
		18721C342316636900C3AAAC /* SWRevealViewController.m */ = {isa = PBXFileReference; fileEncoding = 4; lastKnownFileType = sourcecode.c.objc; name = SWRevealViewController.m; path = SnapToSell/SWRevealViewController.m; sourceTree = SOURCE_ROOT; };
		18721C352316636A00C3AAAC /* SWRevealViewController.h */ = {isa = PBXFileReference; fileEncoding = 4; lastKnownFileType = sourcecode.c.h; name = SWRevealViewController.h; path = SnapToSell/SWRevealViewController.h; sourceTree = SOURCE_ROOT; };
		18721C372316663700C3AAAC /* SideMenuViewController.swift */ = {isa = PBXFileReference; lastKnownFileType = sourcecode.swift; path = SideMenuViewController.swift; sourceTree = "<group>"; };
		18721C392316668D00C3AAAC /* SideMenuTableViewCell.swift */ = {isa = PBXFileReference; lastKnownFileType = sourcecode.swift; path = SideMenuTableViewCell.swift; sourceTree = "<group>"; };
		18721C3C2316898800C3AAAC /* TabBarViewController.swift */ = {isa = PBXFileReference; lastKnownFileType = sourcecode.swift; path = TabBarViewController.swift; sourceTree = "<group>"; };
		18721C3E23168EB900C3AAAC /* Images.swift */ = {isa = PBXFileReference; fileEncoding = 4; lastKnownFileType = sourcecode.swift; path = Images.swift; sourceTree = "<group>"; };
		18721C3F23168EB900C3AAAC /* RequestStatusModel.swift */ = {isa = PBXFileReference; fileEncoding = 4; lastKnownFileType = sourcecode.swift; path = RequestStatusModel.swift; sourceTree = "<group>"; };
		18721C462316920800C3AAAC /* ProductsListViewController.swift */ = {isa = PBXFileReference; lastKnownFileType = sourcecode.swift; path = ProductsListViewController.swift; sourceTree = "<group>"; };
		187E6F7B2344AD5600DF78BE /* Walkthrough.storyboard */ = {isa = PBXFileReference; fileEncoding = 4; lastKnownFileType = file.storyboard; path = Walkthrough.storyboard; sourceTree = "<group>"; };
		187E6F7E2344ADED00DF78BE /* BWWalkthroughPageViewController.swift */ = {isa = PBXFileReference; fileEncoding = 4; lastKnownFileType = sourcecode.swift; path = BWWalkthroughPageViewController.swift; sourceTree = "<group>"; };
		187E6F7F2344ADEE00DF78BE /* BWWalkthroughViewController.swift */ = {isa = PBXFileReference; fileEncoding = 4; lastKnownFileType = sourcecode.swift; path = BWWalkthroughViewController.swift; sourceTree = "<group>"; };
		187E6F822344ADF800DF78BE /* CustomPageViewController.swift */ = {isa = PBXFileReference; fileEncoding = 4; lastKnownFileType = sourcecode.swift; path = CustomPageViewController.swift; sourceTree = "<group>"; };
		188A49E3234C9982003F995C /* Snap&sellSelectBrandViewController.swift */ = {isa = PBXFileReference; lastKnownFileType = sourcecode.swift; path = "Snap&sellSelectBrandViewController.swift"; sourceTree = "<group>"; };
		188A49E6234C9EDD003F995C /* snap&sellSelectModelViewController.swift */ = {isa = PBXFileReference; lastKnownFileType = sourcecode.swift; path = "snap&sellSelectModelViewController.swift"; sourceTree = "<group>"; };
		188A49E8234CA1AE003F995C /* CarierServisesViewController.swift */ = {isa = PBXFileReference; lastKnownFileType = sourcecode.swift; path = CarierServisesViewController.swift; sourceTree = "<group>"; };
		188A49EA234CA793003F995C /* SelectPhoneModelViewController.swift */ = {isa = PBXFileReference; lastKnownFileType = sourcecode.swift; path = SelectPhoneModelViewController.swift; sourceTree = "<group>"; };
		188A49EC234CA847003F995C /* SelectModelTableViewCell.swift */ = {isa = PBXFileReference; lastKnownFileType = sourcecode.swift; path = SelectModelTableViewCell.swift; sourceTree = "<group>"; };
		188B009723486E7E007B832F /* UploadViewController.swift */ = {isa = PBXFileReference; lastKnownFileType = sourcecode.swift; path = UploadViewController.swift; sourceTree = "<group>"; };
		188B009E234888D9007B832F /* AddotherView.swift */ = {isa = PBXFileReference; lastKnownFileType = sourcecode.swift; path = AddotherView.swift; sourceTree = "<group>"; };
		188B009F234888D9007B832F /* AddotherView.xib */ = {isa = PBXFileReference; lastKnownFileType = file.xib; path = AddotherView.xib; sourceTree = "<group>"; };
		18A7B2FB2345C1F400282904 /* HomeViewController.swift */ = {isa = PBXFileReference; lastKnownFileType = sourcecode.swift; path = HomeViewController.swift; sourceTree = "<group>"; };
		18A7B2FD2345D37000282904 /* mainViewController.swift */ = {isa = PBXFileReference; lastKnownFileType = sourcecode.swift; path = mainViewController.swift; sourceTree = "<group>"; };
		18A7B2FF23460F7000282904 /* RepairingBrandCollectionViewCell.swift */ = {isa = PBXFileReference; lastKnownFileType = sourcecode.swift; path = RepairingBrandCollectionViewCell.swift; sourceTree = "<group>"; };
		18C5A5BE2356E7120011FDAA /* SelectdeliveryMethodViewController.swift */ = {isa = PBXFileReference; lastKnownFileType = sourcecode.swift; path = SelectdeliveryMethodViewController.swift; sourceTree = "<group>"; wrapsLines = 1; };
		18CCCF5C234DED700049742D /* GiveOfferScreenViewController.swift */ = {isa = PBXFileReference; lastKnownFileType = sourcecode.swift; path = GiveOfferScreenViewController.swift; sourceTree = "<group>"; };
		18CCCF5E234DEE030049742D /* OffertableViewCell.swift */ = {isa = PBXFileReference; lastKnownFileType = sourcecode.swift; path = OffertableViewCell.swift; sourceTree = "<group>"; };
		18D5F85A235599F000A167B8 /* SelectPaymentMethodViewController.swift */ = {isa = PBXFileReference; lastKnownFileType = sourcecode.swift; path = SelectPaymentMethodViewController.swift; sourceTree = "<group>"; };
		18E0F009236C5A0D00871199 /* ProfileViewController.swift */ = {isa = PBXFileReference; lastKnownFileType = sourcecode.swift; path = ProfileViewController.swift; sourceTree = "<group>"; };
		18E849562317B39C00A52C62 /* PendingProductDetailViewController.swift */ = {isa = PBXFileReference; lastKnownFileType = sourcecode.swift; path = PendingProductDetailViewController.swift; sourceTree = "<group>"; };
		18E849582317C89A00A52C62 /* ApprovedProductDetailViewController.swift */ = {isa = PBXFileReference; lastKnownFileType = sourcecode.swift; path = ApprovedProductDetailViewController.swift; sourceTree = "<group>"; };
		18E8495A2317D48D00A52C62 /* ProcessedProductsViewController.swift */ = {isa = PBXFileReference; lastKnownFileType = sourcecode.swift; path = ProcessedProductsViewController.swift; sourceTree = "<group>"; };
		18E8495C2317D50800A52C62 /* OffersModel.swift */ = {isa = PBXFileReference; lastKnownFileType = sourcecode.swift; path = OffersModel.swift; sourceTree = "<group>"; };
		18E8495E2317E13F00A52C62 /* processedSetupIndicatorViewController.swift */ = {isa = PBXFileReference; lastKnownFileType = sourcecode.swift; path = processedSetupIndicatorViewController.swift; sourceTree = "<group>"; };
		18E849602317E64800A52C62 /* DefaultAddressViewController.swift */ = {isa = PBXFileReference; lastKnownFileType = sourcecode.swift; path = DefaultAddressViewController.swift; sourceTree = "<group>"; };
		18E849652317E91300A52C62 /* processedDescriptionViewController.swift */ = {isa = PBXFileReference; lastKnownFileType = sourcecode.swift; path = processedDescriptionViewController.swift; sourceTree = "<group>"; };
		18E8D43C232A0F3200CD8110 /* RepairBrandViewController.swift */ = {isa = PBXFileReference; lastKnownFileType = sourcecode.swift; path = RepairBrandViewController.swift; sourceTree = "<group>"; };
		18E8D43F232A115A00CD8110 /* RepairDetail.swift */ = {isa = PBXFileReference; lastKnownFileType = sourcecode.swift; path = RepairDetail.swift; sourceTree = "<group>"; };
		18E8D442232A24BF00CD8110 /* SeriesViewController.swift */ = {isa = PBXFileReference; lastKnownFileType = sourcecode.swift; path = SeriesViewController.swift; sourceTree = "<group>"; };
		18E8D444232A250B00CD8110 /* ModelViewController.swift */ = {isa = PBXFileReference; lastKnownFileType = sourcecode.swift; path = ModelViewController.swift; sourceTree = "<group>"; };
		18E8D446232A253C00CD8110 /* ProblemViewController.swift */ = {isa = PBXFileReference; lastKnownFileType = sourcecode.swift; path = ProblemViewController.swift; sourceTree = "<group>"; };
		18E8D448232A32D600CD8110 /* ContactDetailsViewController.swift */ = {isa = PBXFileReference; lastKnownFileType = sourcecode.swift; path = ContactDetailsViewController.swift; sourceTree = "<group>"; };
		18EC2E7623110AD800870A48 /* ProductDetailViewController.swift */ = {isa = PBXFileReference; lastKnownFileType = sourcecode.swift; path = ProductDetailViewController.swift; sourceTree = "<group>"; };
		18EC2E7923110B8B00870A48 /* ProductImageCollectionViewCell.swift */ = {isa = PBXFileReference; lastKnownFileType = sourcecode.swift; path = ProductImageCollectionViewCell.swift; sourceTree = "<group>"; };
		18EC2E7B23111E4F00870A48 /* CameraViewController.swift */ = {isa = PBXFileReference; lastKnownFileType = sourcecode.swift; path = CameraViewController.swift; sourceTree = "<group>"; };
		18EC2E7D231145A800870A48 /* PreviewViewController.swift */ = {isa = PBXFileReference; lastKnownFileType = sourcecode.swift; path = PreviewViewController.swift; sourceTree = "<group>"; };
		18EC2E7F2311509500870A48 /* GoogleService-Info.plist */ = {isa = PBXFileReference; fileEncoding = 4; lastKnownFileType = text.plist.xml; path = "GoogleService-Info.plist"; sourceTree = "<group>"; };
		18F0725E2318FD0D00E8F8CB /* DropOffSetupViewController.swift */ = {isa = PBXFileReference; lastKnownFileType = sourcecode.swift; path = DropOffSetupViewController.swift; sourceTree = "<group>"; };
		18F072602318FD9900E8F8CB /* DropOffDescriptionViewController.swift */ = {isa = PBXFileReference; lastKnownFileType = sourcecode.swift; path = DropOffDescriptionViewController.swift; sourceTree = "<group>"; };
		18F072622319045200E8F8CB /* MapViewController.swift */ = {isa = PBXFileReference; lastKnownFileType = sourcecode.swift; path = MapViewController.swift; sourceTree = "<group>"; };
		18F072652319092800E8F8CB /* ShipmentSetupViewController.swift */ = {isa = PBXFileReference; lastKnownFileType = sourcecode.swift; path = ShipmentSetupViewController.swift; sourceTree = "<group>"; };
		18F0726723190E2300E8F8CB /* PackageDetailsViewController.swift */ = {isa = PBXFileReference; lastKnownFileType = sourcecode.swift; path = PackageDetailsViewController.swift; sourceTree = "<group>"; };
		18F072692319331B00E8F8CB /* ShipmentRatesViewController.swift */ = {isa = PBXFileReference; lastKnownFileType = sourcecode.swift; path = ShipmentRatesViewController.swift; sourceTree = "<group>"; };
		18F0726B2319381B00E8F8CB /* ShipmentRatesModel.swift */ = {isa = PBXFileReference; lastKnownFileType = sourcecode.swift; path = ShipmentRatesModel.swift; sourceTree = "<group>"; };
		18F0726D2319434800E8F8CB /* ShipmentRatesTableViewCell.swift */ = {isa = PBXFileReference; lastKnownFileType = sourcecode.swift; path = ShipmentRatesTableViewCell.swift; sourceTree = "<group>"; };
		18F8D75A235D8A1C00E4E1C4 /* SelectShipmentViewController.swift */ = {isa = PBXFileReference; lastKnownFileType = sourcecode.swift; path = SelectShipmentViewController.swift; sourceTree = "<group>"; };
		18F8D75B235D8A1C00E4E1C4 /* SelectShipmentViewController.xib */ = {isa = PBXFileReference; lastKnownFileType = file.xib; path = SelectShipmentViewController.xib; sourceTree = "<group>"; };
		18F8D75F235DA35F00E4E1C4 /* shipmentTableViewCell.swift */ = {isa = PBXFileReference; lastKnownFileType = sourcecode.swift; path = shipmentTableViewCell.swift; sourceTree = "<group>"; };
		18F8D760235DA35F00E4E1C4 /* shipmentTableViewCell.xib */ = {isa = PBXFileReference; lastKnownFileType = file.xib; path = shipmentTableViewCell.xib; sourceTree = "<group>"; };
		18FF112B2374177F003206F2 /* ChangePasswordView.swift */ = {isa = PBXFileReference; lastKnownFileType = sourcecode.swift; path = ChangePasswordView.swift; sourceTree = "<group>"; };
		18FF112C2374177F003206F2 /* ChangePasswordView.xib */ = {isa = PBXFileReference; lastKnownFileType = file.xib; path = ChangePasswordView.xib; sourceTree = "<group>"; };
		18FF99B1238FB93F00C14AC4 /* HotItemModel.swift */ = {isa = PBXFileReference; lastKnownFileType = sourcecode.swift; path = HotItemModel.swift; sourceTree = "<group>"; };
		26031A5E9F6A79470D2E3695 /* Pods_LaptopZone.framework */ = {isa = PBXFileReference; explicitFileType = wrapper.framework; includeInIndex = 0; path = Pods_LaptopZone.framework; sourceTree = BUILT_PRODUCTS_DIR; };
		2644BFCF25292A54318D0F07 /* Pods-LaptopZoneUITests.release.xcconfig */ = {isa = PBXFileReference; includeInIndex = 1; lastKnownFileType = text.xcconfig; name = "Pods-LaptopZoneUITests.release.xcconfig"; path = "Target Support Files/Pods-LaptopZoneUITests/Pods-LaptopZoneUITests.release.xcconfig"; sourceTree = "<group>"; };
		2A90739AD36AC95FD5093009 /* Pods-LaptopZone.release.xcconfig */ = {isa = PBXFileReference; includeInIndex = 1; lastKnownFileType = text.xcconfig; name = "Pods-LaptopZone.release.xcconfig"; path = "Target Support Files/Pods-LaptopZone/Pods-LaptopZone.release.xcconfig"; sourceTree = "<group>"; };
		6DC7DC702F0ADAB25C9924B6 /* Pods_LaptopZoneTests.framework */ = {isa = PBXFileReference; explicitFileType = wrapper.framework; includeInIndex = 0; path = Pods_LaptopZoneTests.framework; sourceTree = BUILT_PRODUCTS_DIR; };
		9441CE9E55F5FD267EF5AE4A /* Pods-LaptopZoneTests.release.xcconfig */ = {isa = PBXFileReference; includeInIndex = 1; lastKnownFileType = text.xcconfig; name = "Pods-LaptopZoneTests.release.xcconfig"; path = "Target Support Files/Pods-LaptopZoneTests/Pods-LaptopZoneTests.release.xcconfig"; sourceTree = "<group>"; };
		C7235E53C0753B81125008C6 /* Pods-LaptopZone.debug.xcconfig */ = {isa = PBXFileReference; includeInIndex = 1; lastKnownFileType = text.xcconfig; name = "Pods-LaptopZone.debug.xcconfig"; path = "Target Support Files/Pods-LaptopZone/Pods-LaptopZone.debug.xcconfig"; sourceTree = "<group>"; };
		CA5F466B7BDC4301D480BD26 /* Pods-LaptopZoneTests.debug.xcconfig */ = {isa = PBXFileReference; includeInIndex = 1; lastKnownFileType = text.xcconfig; name = "Pods-LaptopZoneTests.debug.xcconfig"; path = "Target Support Files/Pods-LaptopZoneTests/Pods-LaptopZoneTests.debug.xcconfig"; sourceTree = "<group>"; };
		D71A7ACFFB2F192706B3194E /* Pods-LaptopZoneUITests.debug.xcconfig */ = {isa = PBXFileReference; includeInIndex = 1; lastKnownFileType = text.xcconfig; name = "Pods-LaptopZoneUITests.debug.xcconfig"; path = "Target Support Files/Pods-LaptopZoneUITests/Pods-LaptopZoneUITests.debug.xcconfig"; sourceTree = "<group>"; };
/* End PBXFileReference section */

/* Begin PBXFrameworksBuildPhase section */
		182B2978230FB399003E10CD /* Frameworks */ = {
			isa = PBXFrameworksBuildPhase;
			buildActionMask = 2147483647;
			files = (
				91D26C2959DD7859038D66C0 /* Pods_LaptopZone.framework in Frameworks */,
			);
			runOnlyForDeploymentPostprocessing = 0;
		};
		182B298C230FB39A003E10CD /* Frameworks */ = {
			isa = PBXFrameworksBuildPhase;
			buildActionMask = 2147483647;
			files = (
				B2965BFC6F43C2E7C96D49DA /* Pods_LaptopZoneTests.framework in Frameworks */,
			);
			runOnlyForDeploymentPostprocessing = 0;
		};
		182B2997230FB39A003E10CD /* Frameworks */ = {
			isa = PBXFrameworksBuildPhase;
			buildActionMask = 2147483647;
			files = (
				CEA6B8ADB61D32D4A280C1B4 /* Pods_LaptopZoneUITests.framework in Frameworks */,
			);
			runOnlyForDeploymentPostprocessing = 0;
		};
/* End PBXFrameworksBuildPhase section */

/* Begin PBXGroup section */
		181037792338DADA00BD8DDD /* Fonts */ = {
			isa = PBXGroup;
			children = (
				1810377D2338DAEE00BD8DDD /* Eina */,
			);
			path = Fonts;
			sourceTree = "<group>";
		};
		1810377D2338DAEE00BD8DDD /* Eina */ = {
			isa = PBXGroup;
			children = (
				1810377C2338DAEB00BD8DDD /* Eina-Bold.otf */,
				1810377A2338DAEB00BD8DDD /* Eina-Regular.otf */,
				1810377B2338DAEB00BD8DDD /* Eina-SemiBold.otf */,
			);
			path = Eina;
			sourceTree = "<group>";
		};
		182B2972230FB399003E10CD = {
			isa = PBXGroup;
			children = (
				182B297D230FB399003E10CD /* SnapToSell */,
				182B2992230FB39A003E10CD /* SnapToSellTests */,
				182B299D230FB39A003E10CD /* SnapToSellUITests */,
				182B297C230FB399003E10CD /* Products */,
				E08FB8613721484D06E922B7 /* Pods */,
				78EBB28A78083DA33E33AF77 /* Frameworks */,
			);
			sourceTree = "<group>";
		};
		182B297C230FB399003E10CD /* Products */ = {
			isa = PBXGroup;
			children = (
				182B297B230FB399003E10CD /* LaptopZone.app */,
				182B298F230FB39A003E10CD /* LaptopZoneTests.xctest */,
				182B299A230FB39A003E10CD /* LaptopZoneUITests.xctest */,
			);
			name = Products;
			sourceTree = "<group>";
		};
		182B297D230FB399003E10CD /* SnapToSell */ = {
			isa = PBXGroup;
			children = (
				188B009923488885007B832F /* Views */,
				181037792338DADA00BD8DDD /* Fonts */,
				18628C0323360BD400B7A110 /* SnapToSell.entitlements */,
				18721C322316634C00C3AAAC /* ThiredParty */,
				18EC2E7823110B6C00870A48 /* CollectionViewCells */,
				182B29BE231001D2003E10CD /* TableViewCells */,
				182B29B9230FC99F003E10CD /* ViewControllers */,
				182B29B4230FB712003E10CD /* Utilities */,
				182B29B1230FB611003E10CD /* Model */,
				182B29AE230FB48A003E10CD /* NetworkManager */,
				182B297E230FB399003E10CD /* AppDelegate.swift */,
				182B2982230FB399003E10CD /* Main.storyboard */,
				182B2985230FB39A003E10CD /* Assets.xcassets */,
				182B2987230FB39A003E10CD /* LaunchScreen.storyboard */,
				187E6F7B2344AD5600DF78BE /* Walkthrough.storyboard */,
				182B298A230FB39A003E10CD /* Info.plist */,
				18EC2E7F2311509500870A48 /* GoogleService-Info.plist */,
				1808B605231F91FA00243B9C /* client_477867186230-tumr6302i75gnmm6576e3rl7a5rcjuv1.apps.googleusercontent.com.plist */,
			);
			path = SnapToSell;
			sourceTree = "<group>";
		};
		182B2992230FB39A003E10CD /* SnapToSellTests */ = {
			isa = PBXGroup;
			children = (
				182B2993230FB39A003E10CD /* SnapToSellTests.swift */,
				182B2995230FB39A003E10CD /* Info.plist */,
			);
			path = SnapToSellTests;
			sourceTree = "<group>";
		};
		182B299D230FB39A003E10CD /* SnapToSellUITests */ = {
			isa = PBXGroup;
			children = (
				182B299E230FB39A003E10CD /* SnapToSellUITests.swift */,
				182B29A0230FB39A003E10CD /* Info.plist */,
			);
			path = SnapToSellUITests;
			sourceTree = "<group>";
		};
		182B29AE230FB48A003E10CD /* NetworkManager */ = {
			isa = PBXGroup;
			children = (
				182B29AC230FB438003E10CD /* Manager.swift */,
				182B29AF230FB4A4003E10CD /* SnapToSellNetworkMAnager.swift */,
			);
			path = NetworkManager;
			sourceTree = "<group>";
		};
		182B29B1230FB611003E10CD /* Model */ = {
			isa = PBXGroup;
			children = (
				185F45962363041900A7B25F /* Message&Notification */,
				182B29B2230FB626003E10CD /* LoginModel.swift */,
				1809DA5D232F6DBF002D260D /* ProfileModel.swift */,
				185AD502235450800011FA0A /* Buy&Sell */,
				18E8D441232A117700CD8110 /* Snap&Sell */,
				18E8D43E232A114200CD8110 /* Repairing */,
				18421E92238CF02000A8EAA1 /* NotificationModel.swift */,
				18FF99B1238FB93F00C14AC4 /* HotItemModel.swift */,
			);
			path = Model;
			sourceTree = "<group>";
		};
		182B29B4230FB712003E10CD /* Utilities */ = {
			isa = PBXGroup;
			children = (
				182B29B5230FB722003E10CD /* Constants.swift */,
				182B29B7230FBBFA003E10CD /* Utilities.swift */,
			);
			path = Utilities;
			sourceTree = "<group>";
		};
		182B29B9230FC99F003E10CD /* ViewControllers */ = {
			isa = PBXGroup;
			children = (
				18E0F00B236C7B3A00871199 /* AccountsAndProfile */,
				185F45912362E66700A7B25F /* Notification&Message */,
				18721C372316663700C3AAAC /* SideMenuViewController.swift */,
				187E6F7D2344ADD800DF78BE /* WalkThrough */,
				18721C432316911D00C3AAAC /* LoginSignup */,
				18721C442316913800C3AAAC /* Address */,
				18A7B2FA2345C1CF00282904 /* Home&TabBar */,
				1847D6652328BCFF00B04692 /* Snap&Sell */,
				1847D6662328BD2000B04692 /* Repairng */,
			);
			path = ViewControllers;
			sourceTree = "<group>";
		};
		182B29BE231001D2003E10CD /* TableViewCells */ = {
			isa = PBXGroup;
			children = (
				18F8D75E235DA34600E4E1C4 /* shipmentCEll */,
				18721C392316668D00C3AAAC /* SideMenuTableViewCell.swift */,
				182B29BF231001EC003E10CD /* AddressTableViewCell.swift */,
				18F0726D2319434800E8F8CB /* ShipmentRatesTableViewCell.swift */,
				188A49EC234CA847003F995C /* SelectModelTableViewCell.swift */,
				18CCCF5E234DEE030049742D /* OffertableViewCell.swift */,
				185F458F2362E48300A7B25F /* Message_NotificationTableViewCell.swift */,
			);
			path = TableViewCells;
			sourceTree = "<group>";
		};
		182DD039235F5DB7009C79BA /* ShowImage */ = {
			isa = PBXGroup;
			children = (
				182DD03A235F5DDF009C79BA /* ShowImageView.swift */,
				182DD03B235F5DDF009C79BA /* ShowImageView.xib */,
			);
			path = ShowImage;
			sourceTree = "<group>";
		};
		1847D6652328BCFF00B04692 /* Snap&Sell */ = {
			isa = PBXGroup;
			children = (
				18721C452316914E00C3AAAC /* Products */,
				18721C422316910700C3AAAC /* MyProducts */,
				18E849642317E79600A52C62 /* Approved */,
			);
			path = "Snap&Sell";
			sourceTree = "<group>";
		};
		1847D6662328BD2000B04692 /* Repairng */ = {
			isa = PBXGroup;
			children = (
				188B009723486E7E007B832F /* UploadViewController.swift */,
				1847D6672328BF7400B04692 /* SelectYourProductViewController.swift */,
				18E8D43C232A0F3200CD8110 /* RepairBrandViewController.swift */,
				18E8D442232A24BF00CD8110 /* SeriesViewController.swift */,
				18E8D444232A250B00CD8110 /* ModelViewController.swift */,
				18E8D446232A253C00CD8110 /* ProblemViewController.swift */,
				18E8D448232A32D600CD8110 /* ContactDetailsViewController.swift */,
			);
			path = Repairng;
			sourceTree = "<group>";
		};
		185AD502235450800011FA0A /* Buy&Sell */ = {
			isa = PBXGroup;
			children = (
				185AD5032354509C0011FA0A /* Buy&Sell.swift */,
			);
			path = "Buy&Sell";
			sourceTree = "<group>";
		};
		185F45912362E66700A7B25F /* Notification&Message */ = {
			isa = PBXGroup;
			children = (
				185F45922362E68500A7B25F /* MessageViewController.swift */,
				185F45942362E75600A7B25F /* NotificationViewController.swift */,
				185F4599236332C300A7B25F /* ChatViewController.swift */,
			);
			path = "Notification&Message";
			sourceTree = "<group>";
		};
		185F45962363041900A7B25F /* Message&Notification */ = {
			isa = PBXGroup;
			children = (
				185F45972363042C00A7B25F /* MessageModel.swift */,
			);
			path = "Message&Notification";
			sourceTree = "<group>";
		};
		186ED48A236ACAD300916E5C /* AddDropOffTrackingInfo */ = {
			isa = PBXGroup;
			children = (
				186ED48B236AD28100916E5C /* AddDropOffView.swift */,
				186ED48C236AD28100916E5C /* AddDropOffView.xib */,
			);
			path = AddDropOffTrackingInfo;
			sourceTree = "<group>";
		};
		18721C322316634C00C3AAAC /* ThiredParty */ = {
			isa = PBXGroup;
			children = (
				18721C352316636A00C3AAAC /* SWRevealViewController.h */,
				18721C342316636900C3AAAC /* SWRevealViewController.m */,
				18721C332316636900C3AAAC /* SnapToSell-Bridging-Header.h */,
			);
			path = ThiredParty;
			sourceTree = "<group>";
		};
		18721C422316910700C3AAAC /* MyProducts */ = {
			isa = PBXGroup;
			children = (
				18721C3C2316898800C3AAAC /* TabBarViewController.swift */,
				185F458D2362CA3000A7B25F /* newTabBarViewController.swift */,
				18721C462316920800C3AAAC /* ProductsListViewController.swift */,
				18E849622317E74D00A52C62 /* pending */,
				18E849632317E75A00A52C62 /* processed */,
			);
			path = MyProducts;
			sourceTree = "<group>";
		};
		18721C432316911D00C3AAAC /* LoginSignup */ = {
			isa = PBXGroup;
			children = (
				182B2980230FB399003E10CD /* ViewController.swift */,
				182B29BA230FC9B3003E10CD /* RegisterViewController.swift */,
				182A416C233B7F7B008286BE /* ForgotPasswordViewController.swift */,
				182A416E233B7F9F008286BE /* CodeVerificationViewController.swift */,
				182A4170233B7FB9008286BE /* ResetYourPasswordViewController.swift */,
			);
			path = LoginSignup;
			sourceTree = "<group>";
		};
		18721C442316913800C3AAAC /* Address */ = {
			isa = PBXGroup;
			children = (
				182B29BC230FEBC8003E10CD /* AddNewAddressViewController.swift */,
				182B29C12310021A003E10CD /* AllAddresViewController.swift */,
			);
			path = Address;
			sourceTree = "<group>";
		};
		18721C452316914E00C3AAAC /* Products */ = {
			isa = PBXGroup;
			children = (
				188A49E5234C9EBD003F995C /* newScreen */,
				18EC2E7623110AD800870A48 /* ProductDetailViewController.swift */,
				18EC2E7B23111E4F00870A48 /* CameraViewController.swift */,
				18EC2E7D231145A800870A48 /* PreviewViewController.swift */,
			);
			path = Products;
			sourceTree = "<group>";
		};
		187E6F7D2344ADD800DF78BE /* WalkThrough */ = {
			isa = PBXGroup;
			children = (
				187E6F822344ADF800DF78BE /* CustomPageViewController.swift */,
				187E6F7E2344ADED00DF78BE /* BWWalkthroughPageViewController.swift */,
				187E6F7F2344ADEE00DF78BE /* BWWalkthroughViewController.swift */,
			);
			path = WalkThrough;
			sourceTree = "<group>";
		};
		188A49E5234C9EBD003F995C /* newScreen */ = {
			isa = PBXGroup;
			children = (
				188A49E3234C9982003F995C /* Snap&sellSelectBrandViewController.swift */,
				188A49E6234C9EDD003F995C /* snap&sellSelectModelViewController.swift */,
				185AD505235466CE0011FA0A /* SelectSeriesViewController.swift */,
				185AD507235467010011FA0A /* SelectModelViewController.swift */,
				188A49E8234CA1AE003F995C /* CarierServisesViewController.swift */,
				188A49EA234CA793003F995C /* SelectPhoneModelViewController.swift */,
				18CCCF5C234DED700049742D /* GiveOfferScreenViewController.swift */,
				18D5F85A235599F000A167B8 /* SelectPaymentMethodViewController.swift */,
				18C5A5BE2356E7120011FDAA /* SelectdeliveryMethodViewController.swift */,
			);
			path = newScreen;
			sourceTree = "<group>";
		};
		188B009923488885007B832F /* Views */ = {
			isa = PBXGroup;
			children = (
				18FF112A23741763003206F2 /* ChangePassword */,
				186ED48A236ACAD300916E5C /* AddDropOffTrackingInfo */,
				182DD039235F5DB7009C79BA /* ShowImage */,
				18F8D759235D89ED00E4E1C4 /* SelectShipment */,
				18F8D758235D89DC00E4E1C4 /* AnotherView */,
			);
			path = Views;
			sourceTree = "<group>";
		};
		18A7B2FA2345C1CF00282904 /* Home&TabBar */ = {
			isa = PBXGroup;
			children = (
				18A7B2FB2345C1F400282904 /* HomeViewController.swift */,
				18A7B2FD2345D37000282904 /* mainViewController.swift */,
			);
			path = "Home&TabBar";
			sourceTree = "<group>";
		};
		18E0F00B236C7B3A00871199 /* AccountsAndProfile */ = {
			isa = PBXGroup;
			children = (
				18E0F009236C5A0D00871199 /* ProfileViewController.swift */,
				18204EF52358DAE4007A8A91 /* accountViewController.swift */,
			);
			path = AccountsAndProfile;
			sourceTree = "<group>";
		};
		18E849622317E74D00A52C62 /* pending */ = {
			isa = PBXGroup;
			children = (
				18E849562317B39C00A52C62 /* PendingProductDetailViewController.swift */,
			);
			path = pending;
			sourceTree = "<group>";
		};
		18E849632317E75A00A52C62 /* processed */ = {
			isa = PBXGroup;
			children = (
				18E8495A2317D48D00A52C62 /* ProcessedProductsViewController.swift */,
				18F072642319090C00E8F8CB /* Shipment */,
				18F0725D2318FBF900E8F8CB /* DropOff */,
				18E84967231803AD00A52C62 /* Pickup */,
			);
			path = processed;
			sourceTree = "<group>";
		};
		18E849642317E79600A52C62 /* Approved */ = {
			isa = PBXGroup;
			children = (
				18E849582317C89A00A52C62 /* ApprovedProductDetailViewController.swift */,
			);
			path = Approved;
			sourceTree = "<group>";
		};
		18E84967231803AD00A52C62 /* Pickup */ = {
			isa = PBXGroup;
			children = (
				18E8495E2317E13F00A52C62 /* processedSetupIndicatorViewController.swift */,
				18E849602317E64800A52C62 /* DefaultAddressViewController.swift */,
				18E849652317E91300A52C62 /* processedDescriptionViewController.swift */,
			);
			path = Pickup;
			sourceTree = "<group>";
		};
		18E8D43E232A114200CD8110 /* Repairing */ = {
			isa = PBXGroup;
			children = (
				18E8D43F232A115A00CD8110 /* RepairDetail.swift */,
			);
			path = Repairing;
			sourceTree = "<group>";
		};
		18E8D441232A117700CD8110 /* Snap&Sell */ = {
			isa = PBXGroup;
			children = (
				182B29C3231003AA003E10CD /* AddressesModel.swift */,
				18721C3E23168EB900C3AAAC /* Images.swift */,
				18721C3F23168EB900C3AAAC /* RequestStatusModel.swift */,
				18E8495C2317D50800A52C62 /* OffersModel.swift */,
				18F0726B2319381B00E8F8CB /* ShipmentRatesModel.swift */,
			);
			path = "Snap&Sell";
			sourceTree = "<group>";
		};
		18EC2E7823110B6C00870A48 /* CollectionViewCells */ = {
			isa = PBXGroup;
			children = (
				18EC2E7923110B8B00870A48 /* ProductImageCollectionViewCell.swift */,
				18A7B2FF23460F7000282904 /* RepairingBrandCollectionViewCell.swift */,
			);
			path = CollectionViewCells;
			sourceTree = "<group>";
		};
		18F0725D2318FBF900E8F8CB /* DropOff */ = {
			isa = PBXGroup;
			children = (
				18F0725E2318FD0D00E8F8CB /* DropOffSetupViewController.swift */,
				18F072602318FD9900E8F8CB /* DropOffDescriptionViewController.swift */,
				18F072622319045200E8F8CB /* MapViewController.swift */,
			);
			path = DropOff;
			sourceTree = "<group>";
		};
		18F072642319090C00E8F8CB /* Shipment */ = {
			isa = PBXGroup;
			children = (
				18F072652319092800E8F8CB /* ShipmentSetupViewController.swift */,
				18F0726723190E2300E8F8CB /* PackageDetailsViewController.swift */,
				18F072692319331B00E8F8CB /* ShipmentRatesViewController.swift */,
			);
			path = Shipment;
			sourceTree = "<group>";
		};
		18F8D758235D89DC00E4E1C4 /* AnotherView */ = {
			isa = PBXGroup;
			children = (
				188B009E234888D9007B832F /* AddotherView.swift */,
				188B009F234888D9007B832F /* AddotherView.xib */,
			);
			path = AnotherView;
			sourceTree = "<group>";
		};
		18F8D759235D89ED00E4E1C4 /* SelectShipment */ = {
			isa = PBXGroup;
			children = (
				18F8D75A235D8A1C00E4E1C4 /* SelectShipmentViewController.swift */,
				18F8D75B235D8A1C00E4E1C4 /* SelectShipmentViewController.xib */,
			);
			path = SelectShipment;
			sourceTree = "<group>";
		};
		18F8D75E235DA34600E4E1C4 /* shipmentCEll */ = {
			isa = PBXGroup;
			children = (
				18F8D75F235DA35F00E4E1C4 /* shipmentTableViewCell.swift */,
				18F8D760235DA35F00E4E1C4 /* shipmentTableViewCell.xib */,
			);
			path = shipmentCEll;
			sourceTree = "<group>";
		};
		18FF112A23741763003206F2 /* ChangePassword */ = {
			isa = PBXGroup;
			children = (
				18FF112B2374177F003206F2 /* ChangePasswordView.swift */,
				18FF112C2374177F003206F2 /* ChangePasswordView.xib */,
			);
			path = ChangePassword;
			sourceTree = "<group>";
		};
		78EBB28A78083DA33E33AF77 /* Frameworks */ = {
			isa = PBXGroup;
			children = (
				26031A5E9F6A79470D2E3695 /* Pods_LaptopZone.framework */,
				6DC7DC702F0ADAB25C9924B6 /* Pods_LaptopZoneTests.framework */,
				04B40506B308C83083B1506E /* Pods_LaptopZoneUITests.framework */,
			);
			name = Frameworks;
			sourceTree = "<group>";
		};
		E08FB8613721484D06E922B7 /* Pods */ = {
			isa = PBXGroup;
			children = (
				C7235E53C0753B81125008C6 /* Pods-LaptopZone.debug.xcconfig */,
				2A90739AD36AC95FD5093009 /* Pods-LaptopZone.release.xcconfig */,
				CA5F466B7BDC4301D480BD26 /* Pods-LaptopZoneTests.debug.xcconfig */,
				9441CE9E55F5FD267EF5AE4A /* Pods-LaptopZoneTests.release.xcconfig */,
				D71A7ACFFB2F192706B3194E /* Pods-LaptopZoneUITests.debug.xcconfig */,
				2644BFCF25292A54318D0F07 /* Pods-LaptopZoneUITests.release.xcconfig */,
			);
			path = Pods;
			sourceTree = "<group>";
		};
/* End PBXGroup section */

/* Begin PBXNativeTarget section */
		182B297A230FB399003E10CD /* LaptopZone */ = {
			isa = PBXNativeTarget;
			buildConfigurationList = 182B29A3230FB39A003E10CD /* Build configuration list for PBXNativeTarget "LaptopZone" */;
			buildPhases = (
				50EAD1DFF470CED56CB7F195 /* [CP] Check Pods Manifest.lock */,
				182B2977230FB399003E10CD /* Sources */,
				182B2978230FB399003E10CD /* Frameworks */,
				182B2979230FB399003E10CD /* Resources */,
				9EE9E491B8378B8F142A9AC9 /* [CP] Embed Pods Frameworks */,
				57D4C031EEDCD6010EC2C3C6 /* [CP] Copy Pods Resources */,
			);
			buildRules = (
			);
			dependencies = (
			);
			name = LaptopZone;
			productName = SnapToSell;
			productReference = 182B297B230FB399003E10CD /* LaptopZone.app */;
			productType = "com.apple.product-type.application";
		};
		182B298E230FB39A003E10CD /* LaptopZoneTests */ = {
			isa = PBXNativeTarget;
			buildConfigurationList = 182B29A6230FB39A003E10CD /* Build configuration list for PBXNativeTarget "LaptopZoneTests" */;
			buildPhases = (
				8A2C1B07CE2B0DE8ACDFE239 /* [CP] Check Pods Manifest.lock */,
				182B298B230FB39A003E10CD /* Sources */,
				182B298C230FB39A003E10CD /* Frameworks */,
				182B298D230FB39A003E10CD /* Resources */,
			);
			buildRules = (
			);
			dependencies = (
				182B2991230FB39A003E10CD /* PBXTargetDependency */,
			);
			name = LaptopZoneTests;
			productName = SnapToSellTests;
			productReference = 182B298F230FB39A003E10CD /* LaptopZoneTests.xctest */;
			productType = "com.apple.product-type.bundle.unit-test";
		};
		182B2999230FB39A003E10CD /* LaptopZoneUITests */ = {
			isa = PBXNativeTarget;
			buildConfigurationList = 182B29A9230FB39A003E10CD /* Build configuration list for PBXNativeTarget "LaptopZoneUITests" */;
			buildPhases = (
				2164025933B625E47F3B55BC /* [CP] Check Pods Manifest.lock */,
				182B2996230FB39A003E10CD /* Sources */,
				182B2997230FB39A003E10CD /* Frameworks */,
				182B2998230FB39A003E10CD /* Resources */,
			);
			buildRules = (
			);
			dependencies = (
				182B299C230FB39A003E10CD /* PBXTargetDependency */,
			);
			name = LaptopZoneUITests;
			productName = SnapToSellUITests;
			productReference = 182B299A230FB39A003E10CD /* LaptopZoneUITests.xctest */;
			productType = "com.apple.product-type.bundle.ui-testing";
		};
/* End PBXNativeTarget section */

/* Begin PBXProject section */
		182B2973230FB399003E10CD /* Project object */ = {
			isa = PBXProject;
			attributes = {
				LastSwiftUpdateCheck = 1030;
				LastUpgradeCheck = 1030;
				ORGANIZATIONNAME = Apple;
				TargetAttributes = {
					182B297A230FB399003E10CD = {
						CreatedOnToolsVersion = 10.3;
						LastSwiftMigration = 1030;
						SystemCapabilities = {
							com.apple.Push = {
								enabled = 1;
							};
						};
					};
					182B298E230FB39A003E10CD = {
						CreatedOnToolsVersion = 10.3;
						TestTargetID = 182B297A230FB399003E10CD;
					};
					182B2999230FB39A003E10CD = {
						CreatedOnToolsVersion = 10.3;
						TestTargetID = 182B297A230FB399003E10CD;
					};
				};
			};
			buildConfigurationList = 182B2976230FB399003E10CD /* Build configuration list for PBXProject "LaptopZone" */;
			compatibilityVersion = "Xcode 9.3";
			developmentRegion = en;
			hasScannedForEncodings = 0;
			knownRegions = (
				en,
				Base,
			);
			mainGroup = 182B2972230FB399003E10CD;
			productRefGroup = 182B297C230FB399003E10CD /* Products */;
			projectDirPath = "";
			projectRoot = "";
			targets = (
				182B297A230FB399003E10CD /* LaptopZone */,
				182B298E230FB39A003E10CD /* LaptopZoneTests */,
				182B2999230FB39A003E10CD /* LaptopZoneUITests */,
			);
		};
/* End PBXProject section */

/* Begin PBXResourcesBuildPhase section */
		182B2979230FB399003E10CD /* Resources */ = {
			isa = PBXResourcesBuildPhase;
			buildActionMask = 2147483647;
			files = (
				18F8D75D235D8A1C00E4E1C4 /* SelectShipmentViewController.xib in Resources */,
				18F8D762235DA35F00E4E1C4 /* shipmentTableViewCell.xib in Resources */,
				18EC2E802311509600870A48 /* GoogleService-Info.plist in Resources */,
				182DD03D235F5DDF009C79BA /* ShowImageView.xib in Resources */,
				182B2989230FB39A003E10CD /* LaunchScreen.storyboard in Resources */,
				182B2986230FB39A003E10CD /* Assets.xcassets in Resources */,
				187E6F7C2344AD5600DF78BE /* Walkthrough.storyboard in Resources */,
				188B00A1234888D9007B832F /* AddotherView.xib in Resources */,
				1808B606231F91FB00243B9C /* client_477867186230-tumr6302i75gnmm6576e3rl7a5rcjuv1.apps.googleusercontent.com.plist in Resources */,
				182B2984230FB399003E10CD /* Main.storyboard in Resources */,
				186ED48E236AD28100916E5C /* AddDropOffView.xib in Resources */,
				18FF112E2374177F003206F2 /* ChangePasswordView.xib in Resources */,
			);
			runOnlyForDeploymentPostprocessing = 0;
		};
		182B298D230FB39A003E10CD /* Resources */ = {
			isa = PBXResourcesBuildPhase;
			buildActionMask = 2147483647;
			files = (
			);
			runOnlyForDeploymentPostprocessing = 0;
		};
		182B2998230FB39A003E10CD /* Resources */ = {
			isa = PBXResourcesBuildPhase;
			buildActionMask = 2147483647;
			files = (
			);
			runOnlyForDeploymentPostprocessing = 0;
		};
/* End PBXResourcesBuildPhase section */

/* Begin PBXShellScriptBuildPhase section */
		2164025933B625E47F3B55BC /* [CP] Check Pods Manifest.lock */ = {
			isa = PBXShellScriptBuildPhase;
			buildActionMask = 2147483647;
			files = (
			);
			inputFileListPaths = (
			);
			inputPaths = (
				"${PODS_PODFILE_DIR_PATH}/Podfile.lock",
				"${PODS_ROOT}/Manifest.lock",
			);
			name = "[CP] Check Pods Manifest.lock";
			outputFileListPaths = (
			);
			outputPaths = (
				"$(DERIVED_FILE_DIR)/Pods-LaptopZoneUITests-checkManifestLockResult.txt",
			);
			runOnlyForDeploymentPostprocessing = 0;
			shellPath = /bin/sh;
			shellScript = "diff \"${PODS_PODFILE_DIR_PATH}/Podfile.lock\" \"${PODS_ROOT}/Manifest.lock\" > /dev/null\nif [ $? != 0 ] ; then\n    # print error to STDERR\n    echo \"error: The sandbox is not in sync with the Podfile.lock. Run 'pod install' or update your CocoaPods installation.\" >&2\n    exit 1\nfi\n# This output is used by Xcode 'outputs' to avoid re-running this script phase.\necho \"SUCCESS\" > \"${SCRIPT_OUTPUT_FILE_0}\"\n";
			showEnvVarsInLog = 0;
		};
		50EAD1DFF470CED56CB7F195 /* [CP] Check Pods Manifest.lock */ = {
			isa = PBXShellScriptBuildPhase;
			buildActionMask = 2147483647;
			files = (
			);
			inputFileListPaths = (
			);
			inputPaths = (
				"${PODS_PODFILE_DIR_PATH}/Podfile.lock",
				"${PODS_ROOT}/Manifest.lock",
			);
			name = "[CP] Check Pods Manifest.lock";
			outputFileListPaths = (
			);
			outputPaths = (
				"$(DERIVED_FILE_DIR)/Pods-LaptopZone-checkManifestLockResult.txt",
			);
			runOnlyForDeploymentPostprocessing = 0;
			shellPath = /bin/sh;
			shellScript = "diff \"${PODS_PODFILE_DIR_PATH}/Podfile.lock\" \"${PODS_ROOT}/Manifest.lock\" > /dev/null\nif [ $? != 0 ] ; then\n    # print error to STDERR\n    echo \"error: The sandbox is not in sync with the Podfile.lock. Run 'pod install' or update your CocoaPods installation.\" >&2\n    exit 1\nfi\n# This output is used by Xcode 'outputs' to avoid re-running this script phase.\necho \"SUCCESS\" > \"${SCRIPT_OUTPUT_FILE_0}\"\n";
			showEnvVarsInLog = 0;
		};
		57D4C031EEDCD6010EC2C3C6 /* [CP] Copy Pods Resources */ = {
			isa = PBXShellScriptBuildPhase;
			buildActionMask = 2147483647;
			files = (
			);
			inputFileListPaths = (
				"${PODS_ROOT}/Target Support Files/Pods-LaptopZone/Pods-LaptopZone-resources-${CONFIGURATION}-input-files.xcfilelist",
			);
			name = "[CP] Copy Pods Resources";
			outputFileListPaths = (
				"${PODS_ROOT}/Target Support Files/Pods-LaptopZone/Pods-LaptopZone-resources-${CONFIGURATION}-output-files.xcfilelist",
			);
			runOnlyForDeploymentPostprocessing = 0;
			shellPath = /bin/sh;
			shellScript = "\"${PODS_ROOT}/Target Support Files/Pods-LaptopZone/Pods-LaptopZone-resources.sh\"\n";
			showEnvVarsInLog = 0;
		};
		8A2C1B07CE2B0DE8ACDFE239 /* [CP] Check Pods Manifest.lock */ = {
			isa = PBXShellScriptBuildPhase;
			buildActionMask = 2147483647;
			files = (
			);
			inputFileListPaths = (
			);
			inputPaths = (
				"${PODS_PODFILE_DIR_PATH}/Podfile.lock",
				"${PODS_ROOT}/Manifest.lock",
			);
			name = "[CP] Check Pods Manifest.lock";
			outputFileListPaths = (
			);
			outputPaths = (
				"$(DERIVED_FILE_DIR)/Pods-LaptopZoneTests-checkManifestLockResult.txt",
			);
			runOnlyForDeploymentPostprocessing = 0;
			shellPath = /bin/sh;
			shellScript = "diff \"${PODS_PODFILE_DIR_PATH}/Podfile.lock\" \"${PODS_ROOT}/Manifest.lock\" > /dev/null\nif [ $? != 0 ] ; then\n    # print error to STDERR\n    echo \"error: The sandbox is not in sync with the Podfile.lock. Run 'pod install' or update your CocoaPods installation.\" >&2\n    exit 1\nfi\n# This output is used by Xcode 'outputs' to avoid re-running this script phase.\necho \"SUCCESS\" > \"${SCRIPT_OUTPUT_FILE_0}\"\n";
			showEnvVarsInLog = 0;
		};
		9EE9E491B8378B8F142A9AC9 /* [CP] Embed Pods Frameworks */ = {
			isa = PBXShellScriptBuildPhase;
			buildActionMask = 2147483647;
			files = (
			);
			inputFileListPaths = (
				"${PODS_ROOT}/Target Support Files/Pods-LaptopZone/Pods-LaptopZone-frameworks-${CONFIGURATION}-input-files.xcfilelist",
			);
			name = "[CP] Embed Pods Frameworks";
			outputFileListPaths = (
				"${PODS_ROOT}/Target Support Files/Pods-LaptopZone/Pods-LaptopZone-frameworks-${CONFIGURATION}-output-files.xcfilelist",
			);
			runOnlyForDeploymentPostprocessing = 0;
			shellPath = /bin/sh;
			shellScript = "\"${PODS_ROOT}/Target Support Files/Pods-LaptopZone/Pods-LaptopZone-frameworks.sh\"\n";
			showEnvVarsInLog = 0;
		};
/* End PBXShellScriptBuildPhase section */

/* Begin PBXSourcesBuildPhase section */
		182B2977230FB399003E10CD /* Sources */ = {
			isa = PBXSourcesBuildPhase;
			buildActionMask = 2147483647;
			files = (
				18E849612317E64800A52C62 /* DefaultAddressViewController.swift in Sources */,
				18E8D440232A115A00CD8110 /* RepairDetail.swift in Sources */,
				18A7B2FE2345D37000282904 /* mainViewController.swift in Sources */,
				18FF112D2374177F003206F2 /* ChangePasswordView.swift in Sources */,
				186ED48D236AD28100916E5C /* AddDropOffView.swift in Sources */,
				188A49EB234CA793003F995C /* SelectPhoneModelViewController.swift in Sources */,
				18F8D75C235D8A1C00E4E1C4 /* SelectShipmentViewController.swift in Sources */,
				18E0F00A236C5A0D00871199 /* ProfileViewController.swift in Sources */,
				185F458E2362CA3000A7B25F /* newTabBarViewController.swift in Sources */,
				188A49ED234CA847003F995C /* SelectModelTableViewCell.swift in Sources */,
				188A49E7234C9EDD003F995C /* snap&sellSelectModelViewController.swift in Sources */,
				18EC2E7A23110B8B00870A48 /* ProductImageCollectionViewCell.swift in Sources */,
				18E8495D2317D50800A52C62 /* OffersModel.swift in Sources */,
				182B29B3230FB626003E10CD /* LoginModel.swift in Sources */,
				182B2981230FB399003E10CD /* ViewController.swift in Sources */,
				18E8495B2317D48D00A52C62 /* ProcessedProductsViewController.swift in Sources */,
				18A7B30023460F7000282904 /* RepairingBrandCollectionViewCell.swift in Sources */,
				182B29C22310021A003E10CD /* AllAddresViewController.swift in Sources */,
				188B009823486E7E007B832F /* UploadViewController.swift in Sources */,
				187E6F812344ADEE00DF78BE /* BWWalkthroughViewController.swift in Sources */,
				182B29C0231001EC003E10CD /* AddressTableViewCell.swift in Sources */,
				185F459A236332C300A7B25F /* ChatViewController.swift in Sources */,
				187E6F832344ADF800DF78BE /* CustomPageViewController.swift in Sources */,
				18E8495F2317E13F00A52C62 /* processedSetupIndicatorViewController.swift in Sources */,
				18D5F85B235599F000A167B8 /* SelectPaymentMethodViewController.swift in Sources */,
				18EC2E7723110AD800870A48 /* ProductDetailViewController.swift in Sources */,
				188A49E9234CA1AE003F995C /* CarierServisesViewController.swift in Sources */,
				18F0725F2318FD0D00E8F8CB /* DropOffSetupViewController.swift in Sources */,
				18721C472316920800C3AAAC /* ProductsListViewController.swift in Sources */,
				185AD508235467010011FA0A /* SelectModelViewController.swift in Sources */,
				18E8D443232A24BF00CD8110 /* SeriesViewController.swift in Sources */,
				182B29BD230FEBC8003E10CD /* AddNewAddressViewController.swift in Sources */,
				18721C4023168EB900C3AAAC /* Images.swift in Sources */,
				18EC2E7E231145A800870A48 /* PreviewViewController.swift in Sources */,
				18721C3D2316898800C3AAAC /* TabBarViewController.swift in Sources */,
				188A49E4234C9982003F995C /* Snap&sellSelectBrandViewController.swift in Sources */,
				182A4171233B7FB9008286BE /* ResetYourPasswordViewController.swift in Sources */,
				18E849572317B39C00A52C62 /* PendingProductDetailViewController.swift in Sources */,
				182B29C4231003AA003E10CD /* AddressesModel.swift in Sources */,
				18F0726823190E2300E8F8CB /* PackageDetailsViewController.swift in Sources */,
				18F072662319092800E8F8CB /* ShipmentSetupViewController.swift in Sources */,
				185F45982363042C00A7B25F /* MessageModel.swift in Sources */,
				182B29B8230FBBFA003E10CD /* Utilities.swift in Sources */,
				182DD03C235F5DDF009C79BA /* ShowImageView.swift in Sources */,
				18E8D43D232A0F3200CD8110 /* RepairBrandViewController.swift in Sources */,
				182B29BB230FC9B3003E10CD /* RegisterViewController.swift in Sources */,
				187E6F802344ADEE00DF78BE /* BWWalkthroughPageViewController.swift in Sources */,
				182A416F233B7F9F008286BE /* CodeVerificationViewController.swift in Sources */,
				1847D6682328BF7400B04692 /* SelectYourProductViewController.swift in Sources */,
				188B00A0234888D9007B832F /* AddotherView.swift in Sources */,
				185AD5042354509C0011FA0A /* Buy&Sell.swift in Sources */,
				18F072612318FD9900E8F8CB /* DropOffDescriptionViewController.swift in Sources */,
				185F45902362E48300A7B25F /* Message_NotificationTableViewCell.swift in Sources */,
				18421E93238CF02000A8EAA1 /* NotificationModel.swift in Sources */,
				18CCCF5D234DED700049742D /* GiveOfferScreenViewController.swift in Sources */,
				18E8D445232A250B00CD8110 /* ModelViewController.swift in Sources */,
				18721C362316636A00C3AAAC /* SWRevealViewController.m in Sources */,
				18F072632319045200E8F8CB /* MapViewController.swift in Sources */,
				182B29AD230FB438003E10CD /* Manager.swift in Sources */,
				18204EF62358DAE4007A8A91 /* accountViewController.swift in Sources */,
				182A416D233B7F7B008286BE /* ForgotPasswordViewController.swift in Sources */,
				18F8D761235DA35F00E4E1C4 /* shipmentTableViewCell.swift in Sources */,
				18EC2E7C23111E4F00870A48 /* CameraViewController.swift in Sources */,
				18E849662317E91300A52C62 /* processedDescriptionViewController.swift in Sources */,
				18E8D447232A253C00CD8110 /* ProblemViewController.swift in Sources */,
				18A7B2FC2345C1F400282904 /* HomeViewController.swift in Sources */,
				18FF99B2238FB93F00C14AC4 /* HotItemModel.swift in Sources */,
				18F0726E2319434800E8F8CB /* ShipmentRatesTableViewCell.swift in Sources */,
				185F45932362E68500A7B25F /* MessageViewController.swift in Sources */,
				1809DA5E232F6DBF002D260D /* ProfileModel.swift in Sources */,
				18C5A5BF2356E7120011FDAA /* SelectdeliveryMethodViewController.swift in Sources */,
				18E8D449232A32D600CD8110 /* ContactDetailsViewController.swift in Sources */,
				185AD506235466CE0011FA0A /* SelectSeriesViewController.swift in Sources */,
				18E849592317C89A00A52C62 /* ApprovedProductDetailViewController.swift in Sources */,
				182B297F230FB399003E10CD /* AppDelegate.swift in Sources */,
				18F0726C2319381B00E8F8CB /* ShipmentRatesModel.swift in Sources */,
				18721C3A2316668D00C3AAAC /* SideMenuTableViewCell.swift in Sources */,
				182B29B0230FB4A4003E10CD /* SnapToSellNetworkMAnager.swift in Sources */,
				18CCCF5F234DEE030049742D /* OffertableViewCell.swift in Sources */,
				18721C382316663700C3AAAC /* SideMenuViewController.swift in Sources */,
				185F45952362E75600A7B25F /* NotificationViewController.swift in Sources */,
				182B29B6230FB722003E10CD /* Constants.swift in Sources */,
				18F0726A2319331C00E8F8CB /* ShipmentRatesViewController.swift in Sources */,
				18721C4123168EB900C3AAAC /* RequestStatusModel.swift in Sources */,
			);
			runOnlyForDeploymentPostprocessing = 0;
		};
		182B298B230FB39A003E10CD /* Sources */ = {
			isa = PBXSourcesBuildPhase;
			buildActionMask = 2147483647;
			files = (
				182B2994230FB39A003E10CD /* SnapToSellTests.swift in Sources */,
			);
			runOnlyForDeploymentPostprocessing = 0;
		};
		182B2996230FB39A003E10CD /* Sources */ = {
			isa = PBXSourcesBuildPhase;
			buildActionMask = 2147483647;
			files = (
				182B299F230FB39A003E10CD /* SnapToSellUITests.swift in Sources */,
			);
			runOnlyForDeploymentPostprocessing = 0;
		};
/* End PBXSourcesBuildPhase section */

/* Begin PBXTargetDependency section */
		182B2991230FB39A003E10CD /* PBXTargetDependency */ = {
			isa = PBXTargetDependency;
			target = 182B297A230FB399003E10CD /* LaptopZone */;
			targetProxy = 182B2990230FB39A003E10CD /* PBXContainerItemProxy */;
		};
		182B299C230FB39A003E10CD /* PBXTargetDependency */ = {
			isa = PBXTargetDependency;
			target = 182B297A230FB399003E10CD /* LaptopZone */;
			targetProxy = 182B299B230FB39A003E10CD /* PBXContainerItemProxy */;
		};
/* End PBXTargetDependency section */

/* Begin PBXVariantGroup section */
		182B2982230FB399003E10CD /* Main.storyboard */ = {
			isa = PBXVariantGroup;
			children = (
				182B2983230FB399003E10CD /* Base */,
			);
			name = Main.storyboard;
			sourceTree = "<group>";
		};
		182B2987230FB39A003E10CD /* LaunchScreen.storyboard */ = {
			isa = PBXVariantGroup;
			children = (
				182B2988230FB39A003E10CD /* Base */,
			);
			name = LaunchScreen.storyboard;
			sourceTree = "<group>";
		};
/* End PBXVariantGroup section */

/* Begin XCBuildConfiguration section */
		182B29A1230FB39A003E10CD /* Debug */ = {
			isa = XCBuildConfiguration;
			buildSettings = {
				ALWAYS_SEARCH_USER_PATHS = NO;
				CLANG_ANALYZER_NONNULL = YES;
				CLANG_ANALYZER_NUMBER_OBJECT_CONVERSION = YES_AGGRESSIVE;
				CLANG_CXX_LANGUAGE_STANDARD = "gnu++14";
				CLANG_CXX_LIBRARY = "libc++";
				CLANG_ENABLE_MODULES = YES;
				CLANG_ENABLE_OBJC_ARC = YES;
				CLANG_ENABLE_OBJC_WEAK = YES;
				CLANG_WARN_BLOCK_CAPTURE_AUTORELEASING = YES;
				CLANG_WARN_BOOL_CONVERSION = YES;
				CLANG_WARN_COMMA = YES;
				CLANG_WARN_CONSTANT_CONVERSION = YES;
				CLANG_WARN_DEPRECATED_OBJC_IMPLEMENTATIONS = YES;
				CLANG_WARN_DIRECT_OBJC_ISA_USAGE = YES_ERROR;
				CLANG_WARN_DOCUMENTATION_COMMENTS = YES;
				CLANG_WARN_EMPTY_BODY = YES;
				CLANG_WARN_ENUM_CONVERSION = YES;
				CLANG_WARN_INFINITE_RECURSION = YES;
				CLANG_WARN_INT_CONVERSION = YES;
				CLANG_WARN_NON_LITERAL_NULL_CONVERSION = YES;
				CLANG_WARN_OBJC_IMPLICIT_RETAIN_SELF = YES;
				CLANG_WARN_OBJC_LITERAL_CONVERSION = YES;
				CLANG_WARN_OBJC_ROOT_CLASS = YES_ERROR;
				CLANG_WARN_RANGE_LOOP_ANALYSIS = YES;
				CLANG_WARN_STRICT_PROTOTYPES = YES;
				CLANG_WARN_SUSPICIOUS_MOVE = YES;
				CLANG_WARN_UNGUARDED_AVAILABILITY = YES_AGGRESSIVE;
				CLANG_WARN_UNREACHABLE_CODE = YES;
				CLANG_WARN__DUPLICATE_METHOD_MATCH = YES;
				CODE_SIGN_IDENTITY = "iPhone Developer";
				COPY_PHASE_STRIP = NO;
				DEBUG_INFORMATION_FORMAT = dwarf;
				ENABLE_STRICT_OBJC_MSGSEND = YES;
				ENABLE_TESTABILITY = YES;
				GCC_C_LANGUAGE_STANDARD = gnu11;
				GCC_DYNAMIC_NO_PIC = NO;
				GCC_NO_COMMON_BLOCKS = YES;
				GCC_OPTIMIZATION_LEVEL = 0;
				GCC_PREPROCESSOR_DEFINITIONS = (
					"DEBUG=1",
					"$(inherited)",
				);
				GCC_WARN_64_TO_32_BIT_CONVERSION = YES;
				GCC_WARN_ABOUT_RETURN_TYPE = YES_ERROR;
				GCC_WARN_UNDECLARED_SELECTOR = YES;
				GCC_WARN_UNINITIALIZED_AUTOS = YES_AGGRESSIVE;
				GCC_WARN_UNUSED_FUNCTION = YES;
				GCC_WARN_UNUSED_VARIABLE = YES;
				IPHONEOS_DEPLOYMENT_TARGET = 12.0;
				MTL_ENABLE_DEBUG_INFO = INCLUDE_SOURCE;
				MTL_FAST_MATH = YES;
				ONLY_ACTIVE_ARCH = YES;
				SDKROOT = iphoneos;
				SWIFT_ACTIVE_COMPILATION_CONDITIONS = DEBUG;
				SWIFT_OPTIMIZATION_LEVEL = "-Onone";
			};
			name = Debug;
		};
		182B29A2230FB39A003E10CD /* Release */ = {
			isa = XCBuildConfiguration;
			buildSettings = {
				ALWAYS_SEARCH_USER_PATHS = NO;
				CLANG_ANALYZER_NONNULL = YES;
				CLANG_ANALYZER_NUMBER_OBJECT_CONVERSION = YES_AGGRESSIVE;
				CLANG_CXX_LANGUAGE_STANDARD = "gnu++14";
				CLANG_CXX_LIBRARY = "libc++";
				CLANG_ENABLE_MODULES = YES;
				CLANG_ENABLE_OBJC_ARC = YES;
				CLANG_ENABLE_OBJC_WEAK = YES;
				CLANG_WARN_BLOCK_CAPTURE_AUTORELEASING = YES;
				CLANG_WARN_BOOL_CONVERSION = YES;
				CLANG_WARN_COMMA = YES;
				CLANG_WARN_CONSTANT_CONVERSION = YES;
				CLANG_WARN_DEPRECATED_OBJC_IMPLEMENTATIONS = YES;
				CLANG_WARN_DIRECT_OBJC_ISA_USAGE = YES_ERROR;
				CLANG_WARN_DOCUMENTATION_COMMENTS = YES;
				CLANG_WARN_EMPTY_BODY = YES;
				CLANG_WARN_ENUM_CONVERSION = YES;
				CLANG_WARN_INFINITE_RECURSION = YES;
				CLANG_WARN_INT_CONVERSION = YES;
				CLANG_WARN_NON_LITERAL_NULL_CONVERSION = YES;
				CLANG_WARN_OBJC_IMPLICIT_RETAIN_SELF = YES;
				CLANG_WARN_OBJC_LITERAL_CONVERSION = YES;
				CLANG_WARN_OBJC_ROOT_CLASS = YES_ERROR;
				CLANG_WARN_RANGE_LOOP_ANALYSIS = YES;
				CLANG_WARN_STRICT_PROTOTYPES = YES;
				CLANG_WARN_SUSPICIOUS_MOVE = YES;
				CLANG_WARN_UNGUARDED_AVAILABILITY = YES_AGGRESSIVE;
				CLANG_WARN_UNREACHABLE_CODE = YES;
				CLANG_WARN__DUPLICATE_METHOD_MATCH = YES;
				CODE_SIGN_IDENTITY = "iPhone Developer";
				COPY_PHASE_STRIP = NO;
				DEBUG_INFORMATION_FORMAT = "dwarf-with-dsym";
				ENABLE_NS_ASSERTIONS = NO;
				ENABLE_STRICT_OBJC_MSGSEND = YES;
				GCC_C_LANGUAGE_STANDARD = gnu11;
				GCC_NO_COMMON_BLOCKS = YES;
				GCC_WARN_64_TO_32_BIT_CONVERSION = YES;
				GCC_WARN_ABOUT_RETURN_TYPE = YES_ERROR;
				GCC_WARN_UNDECLARED_SELECTOR = YES;
				GCC_WARN_UNINITIALIZED_AUTOS = YES_AGGRESSIVE;
				GCC_WARN_UNUSED_FUNCTION = YES;
				GCC_WARN_UNUSED_VARIABLE = YES;
				IPHONEOS_DEPLOYMENT_TARGET = 12.0;
				MTL_ENABLE_DEBUG_INFO = NO;
				MTL_FAST_MATH = YES;
				SDKROOT = iphoneos;
				SWIFT_COMPILATION_MODE = wholemodule;
				SWIFT_OPTIMIZATION_LEVEL = "-O";
				VALIDATE_PRODUCT = YES;
			};
			name = Release;
		};
		182B29A4230FB39A003E10CD /* Debug */ = {
			isa = XCBuildConfiguration;
			baseConfigurationReference = C7235E53C0753B81125008C6 /* Pods-LaptopZone.debug.xcconfig */;
			buildSettings = {
				ASSETCATALOG_COMPILER_APPICON_NAME = AppIcon;
				CLANG_ENABLE_MODULES = YES;
				CODE_SIGN_ENTITLEMENTS = SnapToSell/SnapToSell.entitlements;
				CODE_SIGN_STYLE = Automatic;
				CURRENT_PROJECT_VERSION = 1.3;
				DEVELOPMENT_TEAM = 2WN2QR859M;
				INFOPLIST_FILE = SnapToSell/Info.plist;
				IPHONEOS_DEPLOYMENT_TARGET = 12.0;
				LD_RUNPATH_SEARCH_PATHS = (
					"$(inherited)",
					"@executable_path/Frameworks",
				);
				MARKETING_VERSION = 1.1;
				PRODUCT_BUNDLE_IDENTIFIER = com.EcoLogix.SnapToSell;
				PRODUCT_NAME = "$(TARGET_NAME)";
				SWIFT_OBJC_BRIDGING_HEADER = "SnapToSell/ThiredParty/SnapToSell-Bridging-Header.h";
				SWIFT_OPTIMIZATION_LEVEL = "-Onone";
				SWIFT_VERSION = 5.0;
				TARGETED_DEVICE_FAMILY = "1,2";
			};
			name = Debug;
		};
		182B29A5230FB39A003E10CD /* Release */ = {
			isa = XCBuildConfiguration;
			baseConfigurationReference = 2A90739AD36AC95FD5093009 /* Pods-LaptopZone.release.xcconfig */;
			buildSettings = {
				ASSETCATALOG_COMPILER_APPICON_NAME = AppIcon;
				CLANG_ENABLE_MODULES = YES;
				CODE_SIGN_ENTITLEMENTS = SnapToSell/SnapToSell.entitlements;
				CODE_SIGN_STYLE = Automatic;
				CURRENT_PROJECT_VERSION = 1.3;
				DEVELOPMENT_TEAM = 2WN2QR859M;
				INFOPLIST_FILE = SnapToSell/Info.plist;
				IPHONEOS_DEPLOYMENT_TARGET = 12.0;
				LD_RUNPATH_SEARCH_PATHS = (
					"$(inherited)",
					"@executable_path/Frameworks",
				);
				MARKETING_VERSION = 1.1;
				PRODUCT_BUNDLE_IDENTIFIER = com.EcoLogix.SnapToSell;
				PRODUCT_NAME = "$(TARGET_NAME)";
				SWIFT_OBJC_BRIDGING_HEADER = "SnapToSell/ThiredParty/SnapToSell-Bridging-Header.h";
				SWIFT_VERSION = 5.0;
				TARGETED_DEVICE_FAMILY = "1,2";
			};
			name = Release;
		};
		182B29A7230FB39A003E10CD /* Debug */ = {
			isa = XCBuildConfiguration;
			baseConfigurationReference = CA5F466B7BDC4301D480BD26 /* Pods-LaptopZoneTests.debug.xcconfig */;
			buildSettings = {
				ALWAYS_EMBED_SWIFT_STANDARD_LIBRARIES = YES;
				BUNDLE_LOADER = "$(TEST_HOST)";
				CODE_SIGN_STYLE = Automatic;
				DEVELOPMENT_TEAM = 2WN2QR859M;
				INFOPLIST_FILE = SnapToSellTests/Info.plist;
				LD_RUNPATH_SEARCH_PATHS = (
					"$(inherited)",
					"@executable_path/Frameworks",
					"@loader_path/Frameworks",
				);
				PRODUCT_BUNDLE_IDENTIFIER = Syed.Kazmi.SnapToSellTests;
				PRODUCT_NAME = "$(TARGET_NAME)";
				SWIFT_VERSION = 5.0;
				TARGETED_DEVICE_FAMILY = "1,2";
				TEST_HOST = "$(BUILT_PRODUCTS_DIR)/LaptopZone.app/LaptopZone";
			};
			name = Debug;
		};
		182B29A8230FB39A003E10CD /* Release */ = {
			isa = XCBuildConfiguration;
			baseConfigurationReference = 9441CE9E55F5FD267EF5AE4A /* Pods-LaptopZoneTests.release.xcconfig */;
			buildSettings = {
				ALWAYS_EMBED_SWIFT_STANDARD_LIBRARIES = YES;
				BUNDLE_LOADER = "$(TEST_HOST)";
				CODE_SIGN_STYLE = Automatic;
				DEVELOPMENT_TEAM = 2WN2QR859M;
				INFOPLIST_FILE = SnapToSellTests/Info.plist;
				LD_RUNPATH_SEARCH_PATHS = (
					"$(inherited)",
					"@executable_path/Frameworks",
					"@loader_path/Frameworks",
				);
				PRODUCT_BUNDLE_IDENTIFIER = Syed.Kazmi.SnapToSellTests;
				PRODUCT_NAME = "$(TARGET_NAME)";
				SWIFT_VERSION = 5.0;
				TARGETED_DEVICE_FAMILY = "1,2";
				TEST_HOST = "$(BUILT_PRODUCTS_DIR)/LaptopZone.app/LaptopZone";
			};
			name = Release;
		};
		182B29AA230FB39A003E10CD /* Debug */ = {
			isa = XCBuildConfiguration;
			baseConfigurationReference = D71A7ACFFB2F192706B3194E /* Pods-LaptopZoneUITests.debug.xcconfig */;
			buildSettings = {
				ALWAYS_EMBED_SWIFT_STANDARD_LIBRARIES = YES;
				CODE_SIGN_STYLE = Automatic;
				DEVELOPMENT_TEAM = 2WN2QR859M;
				INFOPLIST_FILE = SnapToSellUITests/Info.plist;
				LD_RUNPATH_SEARCH_PATHS = (
					"$(inherited)",
					"@executable_path/Frameworks",
					"@loader_path/Frameworks",
				);
				PRODUCT_BUNDLE_IDENTIFIER = Syed.Kazmi.SnapToSellUITests;
				PRODUCT_NAME = "$(TARGET_NAME)";
				SWIFT_VERSION = 5.0;
				TARGETED_DEVICE_FAMILY = "1,2";
				TEST_TARGET_NAME = SnapToSell;
			};
			name = Debug;
		};
		182B29AB230FB39A003E10CD /* Release */ = {
			isa = XCBuildConfiguration;
			baseConfigurationReference = 2644BFCF25292A54318D0F07 /* Pods-LaptopZoneUITests.release.xcconfig */;
			buildSettings = {
				ALWAYS_EMBED_SWIFT_STANDARD_LIBRARIES = YES;
				CODE_SIGN_STYLE = Automatic;
				DEVELOPMENT_TEAM = 2WN2QR859M;
				INFOPLIST_FILE = SnapToSellUITests/Info.plist;
				LD_RUNPATH_SEARCH_PATHS = (
					"$(inherited)",
					"@executable_path/Frameworks",
					"@loader_path/Frameworks",
				);
				PRODUCT_BUNDLE_IDENTIFIER = Syed.Kazmi.SnapToSellUITests;
				PRODUCT_NAME = "$(TARGET_NAME)";
				SWIFT_VERSION = 5.0;
				TARGETED_DEVICE_FAMILY = "1,2";
				TEST_TARGET_NAME = SnapToSell;
			};
			name = Release;
		};
/* End XCBuildConfiguration section */

/* Begin XCConfigurationList section */
		182B2976230FB399003E10CD /* Build configuration list for PBXProject "LaptopZone" */ = {
			isa = XCConfigurationList;
			buildConfigurations = (
				182B29A1230FB39A003E10CD /* Debug */,
				182B29A2230FB39A003E10CD /* Release */,
			);
			defaultConfigurationIsVisible = 0;
			defaultConfigurationName = Release;
		};
		182B29A3230FB39A003E10CD /* Build configuration list for PBXNativeTarget "LaptopZone" */ = {
			isa = XCConfigurationList;
			buildConfigurations = (
				182B29A4230FB39A003E10CD /* Debug */,
				182B29A5230FB39A003E10CD /* Release */,
			);
			defaultConfigurationIsVisible = 0;
			defaultConfigurationName = Release;
		};
		182B29A6230FB39A003E10CD /* Build configuration list for PBXNativeTarget "LaptopZoneTests" */ = {
			isa = XCConfigurationList;
			buildConfigurations = (
				182B29A7230FB39A003E10CD /* Debug */,
				182B29A8230FB39A003E10CD /* Release */,
			);
			defaultConfigurationIsVisible = 0;
			defaultConfigurationName = Release;
		};
		182B29A9230FB39A003E10CD /* Build configuration list for PBXNativeTarget "LaptopZoneUITests" */ = {
			isa = XCConfigurationList;
			buildConfigurations = (
				182B29AA230FB39A003E10CD /* Debug */,
				182B29AB230FB39A003E10CD /* Release */,
			);
			defaultConfigurationIsVisible = 0;
			defaultConfigurationName = Release;
		};
/* End XCConfigurationList section */
	};
	rootObject = 182B2973230FB399003E10CD /* Project object */;
}
